// !$*UTF8*$!
{
	archiveVersion = 1;
	classes = {
	};
	objectVersion = 46;
	objects = {

/* Begin PBXBuildFile section */
		5F8654CBD40EE382A3C3CE62 /* Pods.framework in Frameworks */ = {isa = PBXBuildFile; fileRef = 1DE7C5D7F7B13920F28CC943 /* Pods.framework */; };
		CC073EFB1C3B84E900906779 /* LeftCell.swift in Sources */ = {isa = PBXBuildFile; fileRef = CC073EFA1C3B84E900906779 /* LeftCell.swift */; };
		CC073F0B1C3CA29000906779 /* ZFDrawerViewController.swift in Sources */ = {isa = PBXBuildFile; fileRef = CC073F0A1C3CA29000906779 /* ZFDrawerViewController.swift */; };
		CC073F0D1C3CA39900906779 /* ZFLeftHomeCell.swift in Sources */ = {isa = PBXBuildFile; fileRef = CC073F0C1C3CA39900906779 /* ZFLeftHomeCell.swift */; };
		CC07B1381C3CC138001D6762 /* ZFNetworkTool.swift in Sources */ = {isa = PBXBuildFile; fileRef = CC07B1371C3CC138001D6762 /* ZFNetworkTool.swift */; };
		CC07B13B1C3CCDA5001D6762 /* ZFAPIConfig.swift in Sources */ = {isa = PBXBuildFile; fileRef = CC07B13A1C3CCDA5001D6762 /* ZFAPIConfig.swift */; };
		CC07B1681C3CDBCA001D6762 /* CoreGraphics.swift in Sources */ = {isa = PBXBuildFile; fileRef = CC07B13F1C3CDBCA001D6762 /* CoreGraphics.swift */; };
		CC07B1691C3CDBCA001D6762 /* AnyObject+Extend.swift in Sources */ = {isa = PBXBuildFile; fileRef = CC07B1421C3CDBCA001D6762 /* AnyObject+Extend.swift */; };
		CC07B16A1C3CDBCA001D6762 /* Array+Extend.swift in Sources */ = {isa = PBXBuildFile; fileRef = CC07B1441C3CDBCA001D6762 /* Array+Extend.swift */; };
		CC07B16B1C3CDBCA001D6762 /* ArraySlice+Extend.swift in Sources */ = {isa = PBXBuildFile; fileRef = CC07B1461C3CDBCA001D6762 /* ArraySlice+Extend.swift */; };
		CC07B16C1C3CDBCA001D6762 /* Dictionary+Extend.swift in Sources */ = {isa = PBXBuildFile; fileRef = CC07B1481C3CDBCA001D6762 /* Dictionary+Extend.swift */; };
		CC07B16D1C3CDBCA001D6762 /* Foundation+Extend.swift in Sources */ = {isa = PBXBuildFile; fileRef = CC07B1491C3CDBCA001D6762 /* Foundation+Extend.swift */; };
		CC07B16E1C3CDBCA001D6762 /* String+Extend.swift in Sources */ = {isa = PBXBuildFile; fileRef = CC07B14B1C3CDBCA001D6762 /* String+Extend.swift */; };
		CC07B16F1C3CDBCA001D6762 /* AppDelegate+Extend.swift in Sources */ = {isa = PBXBuildFile; fileRef = CC07B1501C3CDBCA001D6762 /* AppDelegate+Extend.swift */; };
		CC07B1701C3CDBCA001D6762 /* UIWindow+AppDelegate.swift in Sources */ = {isa = PBXBuildFile; fileRef = CC07B1511C3CDBCA001D6762 /* UIWindow+AppDelegate.swift */; };
		CC07B1711C3CDBCA001D6762 /* UIViewController.swift in Sources */ = {isa = PBXBuildFile; fileRef = CC07B1541C3CDBCA001D6762 /* UIViewController.swift */; };
		CC07B1721C3CDBCA001D6762 /* UIButton+Extend.swift in Sources */ = {isa = PBXBuildFile; fileRef = CC07B1561C3CDBCA001D6762 /* UIButton+Extend.swift */; };
		CC07B1731C3CDBCA001D6762 /* UIColor+Extend.swift in Sources */ = {isa = PBXBuildFile; fileRef = CC07B1581C3CDBCA001D6762 /* UIColor+Extend.swift */; };
		CC07B1741C3CDBCA001D6762 /* UIDevice.swift in Sources */ = {isa = PBXBuildFile; fileRef = CC07B15A1C3CDBCA001D6762 /* UIDevice.swift */; };
		CC07B1751C3CDBCA001D6762 /* UIImage+Extend.swift in Sources */ = {isa = PBXBuildFile; fileRef = CC07B15C1C3CDBCA001D6762 /* UIImage+Extend.swift */; };
		CC07B1761C3CDBCA001D6762 /* UIScreen.swift in Sources */ = {isa = PBXBuildFile; fileRef = CC07B15E1C3CDBCA001D6762 /* UIScreen.swift */; };
		CC07B1771C3CDBCA001D6762 /* UITableViewCell+Extend.swift in Sources */ = {isa = PBXBuildFile; fileRef = CC07B1601C3CDBCA001D6762 /* UITableViewCell+Extend.swift */; };
		CC07B1781C3CDBCA001D6762 /* AccessoryView.swift in Sources */ = {isa = PBXBuildFile; fileRef = CC07B1631C3CDBCA001D6762 /* AccessoryView.swift */; };
		CC07B1791C3CDBCA001D6762 /* AccessoryView.xib in Resources */ = {isa = PBXBuildFile; fileRef = CC07B1641C3CDBCA001D6762 /* AccessoryView.xib */; };
		CC07B17A1C3CDBCA001D6762 /* UITextField+Extend.swift in Sources */ = {isa = PBXBuildFile; fileRef = CC07B1651C3CDBCA001D6762 /* UITextField+Extend.swift */; };
		CC07B18A1C3CDC15001D6762 /* ImageTextButton.m in Sources */ = {isa = PBXBuildFile; fileRef = CC07B17F1C3CDC15001D6762 /* ImageTextButton.m */; };
		CC07B18B1C3CDC15001D6762 /* MMDrawerBarButtonItem.m in Sources */ = {isa = PBXBuildFile; fileRef = CC07B1821C3CDC15001D6762 /* MMDrawerBarButtonItem.m */; };
		CC07B18C1C3CDC15001D6762 /* MMDrawerController.m in Sources */ = {isa = PBXBuildFile; fileRef = CC07B1851C3CDC15001D6762 /* MMDrawerController.m */; };
		CC07B18D1C3CDC15001D6762 /* MMDrawerVisualState.m in Sources */ = {isa = PBXBuildFile; fileRef = CC07B1871C3CDC15001D6762 /* MMDrawerVisualState.m */; };
		CC07B18E1C3CDC15001D6762 /* UIViewController+MMDrawerController.m in Sources */ = {isa = PBXBuildFile; fileRef = CC07B1891C3CDC15001D6762 /* UIViewController+MMDrawerController.m */; };
		CC07B1921C3CDEAD001D6762 /* ZFBaseViewController.swift in Sources */ = {isa = PBXBuildFile; fileRef = CC07B1911C3CDEAD001D6762 /* ZFBaseViewController.swift */; };
		CC07B1961C3CDF31001D6762 /* ZFBaseNavigationController.swift in Sources */ = {isa = PBXBuildFile; fileRef = CC07B1951C3CDF31001D6762 /* ZFBaseNavigationController.swift */; };
		CC07B19F1C3CE322001D6762 /* LaunchViewController.swift in Sources */ = {isa = PBXBuildFile; fileRef = CC07B19D1C3CE322001D6762 /* LaunchViewController.swift */; };
		CC07B1A41C3CE478001D6762 /* JSAnimatedImagesView.m in Sources */ = {isa = PBXBuildFile; fileRef = CC07B1A31C3CE478001D6762 /* JSAnimatedImagesView.m */; };
		CC07B1A81C3CE61B001D6762 /* GradientView.m in Sources */ = {isa = PBXBuildFile; fileRef = CC07B1A71C3CE61B001D6762 /* GradientView.m */; };
		CC07B1AC1C3CE6A4001D6762 /* MSWeakTimer.m in Sources */ = {isa = PBXBuildFile; fileRef = CC07B1AB1C3CE6A4001D6762 /* MSWeakTimer.m */; };
		CC07B1C41C3E2CC2001D6762 /* NSURLSession+SynchronousTask.swift in Sources */ = {isa = PBXBuildFile; fileRef = CC07B1C31C3E2CC2001D6762 /* NSURLSession+SynchronousTask.swift */; };
		CC07B1C61C3E2DC1001D6762 /* AppException.swift in Sources */ = {isa = PBXBuildFile; fileRef = CC07B1C51C3E2DC1001D6762 /* AppException.swift */; };
		CC07B1D71C3E621B001D6762 /* NavigationBarExtension.swift in Sources */ = {isa = PBXBuildFile; fileRef = CC07B1D61C3E621B001D6762 /* NavigationBarExtension.swift */; };
		CC07B1E01C3E6DEF001D6762 /* ZFThemeViewModel.swift in Sources */ = {isa = PBXBuildFile; fileRef = CC07B1DF1C3E6DEF001D6762 /* ZFThemeViewModel.swift */; };
		CC07B1EC1C3F789F001D6762 /* CyclePictureView.swift in Sources */ = {isa = PBXBuildFile; fileRef = CC07B1E91C3F789F001D6762 /* CyclePictureView.swift */; };
		CC07B1ED1C3F789F001D6762 /* CyclePictureCell.swift in Sources */ = {isa = PBXBuildFile; fileRef = CC07B1EA1C3F789F001D6762 /* CyclePictureCell.swift */; };
		CC07B1EE1C3F789F001D6762 /* AuxiliaryModels.swift in Sources */ = {isa = PBXBuildFile; fileRef = CC07B1EB1C3F789F001D6762 /* AuxiliaryModels.swift */; };
		CC55E0FA1C57055A00C6FD25 /* ZFEditors.swift in Sources */ = {isa = PBXBuildFile; fileRef = CC55E0F71C57055A00C6FD25 /* ZFEditors.swift */; };
		CC55E0FB1C57055A00C6FD25 /* ZFThemeDetail.swift in Sources */ = {isa = PBXBuildFile; fileRef = CC55E0F81C57055A00C6FD25 /* ZFThemeDetail.swift */; };
		CC55E0FC1C57055A00C6FD25 /* ZFThemeStories.swift in Sources */ = {isa = PBXBuildFile; fileRef = CC55E0F91C57055A00C6FD25 /* ZFThemeStories.swift */; };
		CC58FD1C1C746C300003C36A /* ZFHeaderRefreshView.swift in Sources */ = {isa = PBXBuildFile; fileRef = CC58FD1B1C746C300003C36A /* ZFHeaderRefreshView.swift */; };
		CC636A001C4349D100BCB70B /* ZFThemeViewController.swift in Sources */ = {isa = PBXBuildFile; fileRef = CC6369FF1C4349D100BCB70B /* ZFThemeViewController.swift */; };
		CC636A031C43519700BCB70B /* ZFThemeListViewModel.swift in Sources */ = {isa = PBXBuildFile; fileRef = CC636A021C43519700BCB70B /* ZFThemeListViewModel.swift */; };
		CC636A0B1C43AC4100BCB70B /* ZFThemeListCell.swift in Sources */ = {isa = PBXBuildFile; fileRef = CC636A0A1C43AC4100BCB70B /* ZFThemeListCell.swift */; };
		CC636A191C44BDDE00BCB70B /* ZFMainViewController.swift in Sources */ = {isa = PBXBuildFile; fileRef = CC636A101C44BDDE00BCB70B /* ZFMainViewController.swift */; };
		CC636A1B1C44BDDE00BCB70B /* KYCircularProgress.swift in Sources */ = {isa = PBXBuildFile; fileRef = CC636A141C44BDDE00BCB70B /* KYCircularProgress.swift */; };
		CC636A1C1C44BDDE00BCB70B /* ParallaxHeaderView.swift in Sources */ = {isa = PBXBuildFile; fileRef = CC636A151C44BDDE00BCB70B /* ParallaxHeaderView.swift */; };
		CC636A1D1C44BDDE00BCB70B /* ZFHomeCell.swift in Sources */ = {isa = PBXBuildFile; fileRef = CC636A161C44BDDE00BCB70B /* ZFHomeCell.swift */; };
		CC636A1E1C44BDDE00BCB70B /* ZFMainViewModel.swift in Sources */ = {isa = PBXBuildFile; fileRef = CC636A181C44BDDE00BCB70B /* ZFMainViewModel.swift */; };
		CC7283221C5CE08400BFECBF /* ZFNewsCommentViewController.swift in Sources */ = {isa = PBXBuildFile; fileRef = CC72831B1C5CE08400BFECBF /* ZFNewsCommentViewController.swift */; };
		CC7283231C5CE08400BFECBF /* ZFComments.swift in Sources */ = {isa = PBXBuildFile; fileRef = CC72831D1C5CE08400BFECBF /* ZFComments.swift */; };
		CC7283241C5CE08400BFECBF /* ZFCommentCell.swift in Sources */ = {isa = PBXBuildFile; fileRef = CC72831F1C5CE08400BFECBF /* ZFCommentCell.swift */; };
		CC7283251C5CE08400BFECBF /* ZFNewsCommentViewModel.swift in Sources */ = {isa = PBXBuildFile; fileRef = CC7283211C5CE08400BFECBF /* ZFNewsCommentViewModel.swift */; };
		CC72ADA91C44D7720035ACA6 /* ZFNewsDetailViewController.swift in Sources */ = {isa = PBXBuildFile; fileRef = CC72ADA81C44D7720035ACA6 /* ZFNewsDetailViewController.swift */; };
		CC72ADAC1C44D8E90035ACA6 /* ZFNewsDetailViewModel.swift in Sources */ = {isa = PBXBuildFile; fileRef = CC72ADAB1C44D8E90035ACA6 /* ZFNewsDetailViewModel.swift */; };
		CC72ADB11C44DE600035ACA6 /* ZanButton.swift in Sources */ = {isa = PBXBuildFile; fileRef = CC72ADB01C44DE600035ACA6 /* ZanButton.swift */; };
		CC72ADB31C44DE7C0035ACA6 /* NumberScrollAnimatedView.swift in Sources */ = {isa = PBXBuildFile; fileRef = CC72ADB21C44DE7C0035ACA6 /* NumberScrollAnimatedView.swift */; };
		CC7D52341C565002005FB83E /* ZFLatestNews.swift in Sources */ = {isa = PBXBuildFile; fileRef = CC7D52301C565002005FB83E /* ZFLatestNews.swift */; };
		CC7D52351C565002005FB83E /* ZFStories.swift in Sources */ = {isa = PBXBuildFile; fileRef = CC7D52311C565002005FB83E /* ZFStories.swift */; };
		CC7D52361C565002005FB83E /* ZFTopStories.swift in Sources */ = {isa = PBXBuildFile; fileRef = CC7D52321C565002005FB83E /* ZFTopStories.swift */; };
		CC7D52381C565AC5005FB83E /* ZFBeforeNews.swift in Sources */ = {isa = PBXBuildFile; fileRef = CC7D52371C565AC5005FB83E /* ZFBeforeNews.swift */; };
		CC98C8801C3B51DE002FED99 /* AppDelegate.swift in Sources */ = {isa = PBXBuildFile; fileRef = CC98C87F1C3B51DE002FED99 /* AppDelegate.swift */; };
		CC98C8851C3B51DE002FED99 /* Main.storyboard in Resources */ = {isa = PBXBuildFile; fileRef = CC98C8831C3B51DE002FED99 /* Main.storyboard */; };
		CC98C8871C3B51DE002FED99 /* Assets.xcassets in Resources */ = {isa = PBXBuildFile; fileRef = CC98C8861C3B51DE002FED99 /* Assets.xcassets */; };
		CC98C88A1C3B51DE002FED99 /* LaunchScreen.storyboard in Resources */ = {isa = PBXBuildFile; fileRef = CC98C8881C3B51DE002FED99 /* LaunchScreen.storyboard */; };
		CC98C8951C3B51DE002FED99 /* ZFZhiHuDailyTests.swift in Sources */ = {isa = PBXBuildFile; fileRef = CC98C8941C3B51DE002FED99 /* ZFZhiHuDailyTests.swift */; };
		CC98C8A01C3B51DE002FED99 /* ZFZhiHuDailyUITests.swift in Sources */ = {isa = PBXBuildFile; fileRef = CC98C89F1C3B51DE002FED99 /* ZFZhiHuDailyUITests.swift */; };
		CC98C8B31C3B53FD002FED99 /* ZFAppConfig.swift in Sources */ = {isa = PBXBuildFile; fileRef = CC98C8B21C3B53FD002FED99 /* ZFAppConfig.swift */; };
		CC98C8D11C3B5945002FED99 /* Left.storyboard in Resources */ = {isa = PBXBuildFile; fileRef = CC98C8D01C3B5945002FED99 /* Left.storyboard */; };
		CCA6818A1C58AF7300A8D947 /* ZFNewsDetail.swift in Sources */ = {isa = PBXBuildFile; fileRef = CCA681891C58AF7300A8D947 /* ZFNewsDetail.swift */; };
		CCA6818E1C58BA3800A8D947 /* ZFNewsExtra.swift in Sources */ = {isa = PBXBuildFile; fileRef = CCA6818D1C58BA3800A8D947 /* ZFNewsExtra.swift */; };
		CCAD29761C40EEEB0096B2A7 /* MMViewController.swift in Sources */ = {isa = PBXBuildFile; fileRef = CCAD29751C40EEEB0096B2A7 /* MMViewController.swift */; };
		CCAD297E1C40F3B40096B2A7 /* CircleRefreshView.m in Sources */ = {isa = PBXBuildFile; fileRef = CCAD29791C40F3B40096B2A7 /* CircleRefreshView.m */; };
		CCAD297F1C40F3B40096B2A7 /* DetailHeaderView.m in Sources */ = {isa = PBXBuildFile; fileRef = CCAD297B1C40F3B40096B2A7 /* DetailHeaderView.m */; };
		CCAD29801C40F3B40096B2A7 /* DetailFooterView.m in Sources */ = {isa = PBXBuildFile; fileRef = CCAD297D1C40F3B40096B2A7 /* DetailFooterView.m */; };
		CCAD29871C40F43D0096B2A7 /* UIView+Extension.m in Sources */ = {isa = PBXBuildFile; fileRef = CCAD29861C40F43D0096B2A7 /* UIView+Extension.m */; };
		CCF49F751C6070DE006A5775 /* ZFTheme.swift in Sources */ = {isa = PBXBuildFile; fileRef = CCF49F741C6070DE006A5775 /* ZFTheme.swift */; };
/* End PBXBuildFile section */

/* Begin PBXContainerItemProxy section */
		CC98C8911C3B51DE002FED99 /* PBXContainerItemProxy */ = {
			isa = PBXContainerItemProxy;
			containerPortal = CC98C8741C3B51DE002FED99 /* Project object */;
			proxyType = 1;
			remoteGlobalIDString = CC98C87B1C3B51DE002FED99;
			remoteInfo = ZFZhiHuDaily;
		};
		CC98C89C1C3B51DE002FED99 /* PBXContainerItemProxy */ = {
			isa = PBXContainerItemProxy;
			containerPortal = CC98C8741C3B51DE002FED99 /* Project object */;
			proxyType = 1;
			remoteGlobalIDString = CC98C87B1C3B51DE002FED99;
			remoteInfo = ZFZhiHuDaily;
		};
/* End PBXContainerItemProxy section */

/* Begin PBXFileReference section */
		1DE7C5D7F7B13920F28CC943 /* Pods.framework */ = {isa = PBXFileReference; explicitFileType = wrapper.framework; includeInIndex = 0; path = Pods.framework; sourceTree = BUILT_PRODUCTS_DIR; };
		80AB7453B329C82B612DC237 /* Pods.debug.xcconfig */ = {isa = PBXFileReference; includeInIndex = 1; lastKnownFileType = text.xcconfig; name = Pods.debug.xcconfig; path = "Pods/Target Support Files/Pods/Pods.debug.xcconfig"; sourceTree = "<group>"; };
		8F56053A65877DA523B28DC3 /* Pods.release.xcconfig */ = {isa = PBXFileReference; includeInIndex = 1; lastKnownFileType = text.xcconfig; name = Pods.release.xcconfig; path = "Pods/Target Support Files/Pods/Pods.release.xcconfig"; sourceTree = "<group>"; };
		CC073EFA1C3B84E900906779 /* LeftCell.swift */ = {isa = PBXFileReference; fileEncoding = 4; lastKnownFileType = sourcecode.swift; path = LeftCell.swift; sourceTree = "<group>"; };
		CC073F0A1C3CA29000906779 /* ZFDrawerViewController.swift */ = {isa = PBXFileReference; fileEncoding = 4; lastKnownFileType = sourcecode.swift; path = ZFDrawerViewController.swift; sourceTree = "<group>"; };
		CC073F0C1C3CA39900906779 /* ZFLeftHomeCell.swift */ = {isa = PBXFileReference; fileEncoding = 4; lastKnownFileType = sourcecode.swift; path = ZFLeftHomeCell.swift; sourceTree = "<group>"; };
		CC07B1371C3CC138001D6762 /* ZFNetworkTool.swift */ = {isa = PBXFileReference; fileEncoding = 4; lastKnownFileType = sourcecode.swift; path = ZFNetworkTool.swift; sourceTree = "<group>"; };
		CC07B13A1C3CCDA5001D6762 /* ZFAPIConfig.swift */ = {isa = PBXFileReference; fileEncoding = 4; lastKnownFileType = sourcecode.swift; path = ZFAPIConfig.swift; sourceTree = "<group>"; };
		CC07B13F1C3CDBCA001D6762 /* CoreGraphics.swift */ = {isa = PBXFileReference; fileEncoding = 4; lastKnownFileType = sourcecode.swift; path = CoreGraphics.swift; sourceTree = "<group>"; };
		CC07B1421C3CDBCA001D6762 /* AnyObject+Extend.swift */ = {isa = PBXFileReference; fileEncoding = 4; lastKnownFileType = sourcecode.swift; path = "AnyObject+Extend.swift"; sourceTree = "<group>"; };
		CC07B1441C3CDBCA001D6762 /* Array+Extend.swift */ = {isa = PBXFileReference; fileEncoding = 4; lastKnownFileType = sourcecode.swift; path = "Array+Extend.swift"; sourceTree = "<group>"; };
		CC07B1461C3CDBCA001D6762 /* ArraySlice+Extend.swift */ = {isa = PBXFileReference; fileEncoding = 4; lastKnownFileType = sourcecode.swift; path = "ArraySlice+Extend.swift"; sourceTree = "<group>"; };
		CC07B1481C3CDBCA001D6762 /* Dictionary+Extend.swift */ = {isa = PBXFileReference; fileEncoding = 4; lastKnownFileType = sourcecode.swift; path = "Dictionary+Extend.swift"; sourceTree = "<group>"; };
		CC07B1491C3CDBCA001D6762 /* Foundation+Extend.swift */ = {isa = PBXFileReference; fileEncoding = 4; lastKnownFileType = sourcecode.swift; path = "Foundation+Extend.swift"; sourceTree = "<group>"; };
		CC07B14B1C3CDBCA001D6762 /* String+Extend.swift */ = {isa = PBXFileReference; fileEncoding = 4; lastKnownFileType = sourcecode.swift; path = "String+Extend.swift"; sourceTree = "<group>"; };
		CC07B1501C3CDBCA001D6762 /* AppDelegate+Extend.swift */ = {isa = PBXFileReference; fileEncoding = 4; lastKnownFileType = sourcecode.swift; path = "AppDelegate+Extend.swift"; sourceTree = "<group>"; };
		CC07B1511C3CDBCA001D6762 /* UIWindow+AppDelegate.swift */ = {isa = PBXFileReference; fileEncoding = 4; lastKnownFileType = sourcecode.swift; path = "UIWindow+AppDelegate.swift"; sourceTree = "<group>"; };
		CC07B1541C3CDBCA001D6762 /* UIViewController.swift */ = {isa = PBXFileReference; fileEncoding = 4; lastKnownFileType = sourcecode.swift; path = UIViewController.swift; sourceTree = "<group>"; };
		CC07B1561C3CDBCA001D6762 /* UIButton+Extend.swift */ = {isa = PBXFileReference; fileEncoding = 4; lastKnownFileType = sourcecode.swift; path = "UIButton+Extend.swift"; sourceTree = "<group>"; };
		CC07B1581C3CDBCA001D6762 /* UIColor+Extend.swift */ = {isa = PBXFileReference; fileEncoding = 4; lastKnownFileType = sourcecode.swift; path = "UIColor+Extend.swift"; sourceTree = "<group>"; };
		CC07B15A1C3CDBCA001D6762 /* UIDevice.swift */ = {isa = PBXFileReference; fileEncoding = 4; lastKnownFileType = sourcecode.swift; path = UIDevice.swift; sourceTree = "<group>"; };
		CC07B15C1C3CDBCA001D6762 /* UIImage+Extend.swift */ = {isa = PBXFileReference; fileEncoding = 4; lastKnownFileType = sourcecode.swift; path = "UIImage+Extend.swift"; sourceTree = "<group>"; };
		CC07B15E1C3CDBCA001D6762 /* UIScreen.swift */ = {isa = PBXFileReference; fileEncoding = 4; lastKnownFileType = sourcecode.swift; path = UIScreen.swift; sourceTree = "<group>"; };
		CC07B1601C3CDBCA001D6762 /* UITableViewCell+Extend.swift */ = {isa = PBXFileReference; fileEncoding = 4; lastKnownFileType = sourcecode.swift; path = "UITableViewCell+Extend.swift"; sourceTree = "<group>"; };
		CC07B1631C3CDBCA001D6762 /* AccessoryView.swift */ = {isa = PBXFileReference; fileEncoding = 4; lastKnownFileType = sourcecode.swift; path = AccessoryView.swift; sourceTree = "<group>"; };
		CC07B1641C3CDBCA001D6762 /* AccessoryView.xib */ = {isa = PBXFileReference; fileEncoding = 4; lastKnownFileType = file.xib; path = AccessoryView.xib; sourceTree = "<group>"; };
		CC07B1651C3CDBCA001D6762 /* UITextField+Extend.swift */ = {isa = PBXFileReference; fileEncoding = 4; lastKnownFileType = sourcecode.swift; path = "UITextField+Extend.swift"; sourceTree = "<group>"; };
		CC07B17E1C3CDC15001D6762 /* ImageTextButton.h */ = {isa = PBXFileReference; fileEncoding = 4; lastKnownFileType = sourcecode.c.h; path = ImageTextButton.h; sourceTree = "<group>"; };
		CC07B17F1C3CDC15001D6762 /* ImageTextButton.m */ = {isa = PBXFileReference; fileEncoding = 4; lastKnownFileType = sourcecode.c.objc; path = ImageTextButton.m; sourceTree = "<group>"; };
		CC07B1811C3CDC15001D6762 /* MMDrawerBarButtonItem.h */ = {isa = PBXFileReference; fileEncoding = 4; lastKnownFileType = sourcecode.c.h; path = MMDrawerBarButtonItem.h; sourceTree = "<group>"; };
		CC07B1821C3CDC15001D6762 /* MMDrawerBarButtonItem.m */ = {isa = PBXFileReference; fileEncoding = 4; lastKnownFileType = sourcecode.c.objc; path = MMDrawerBarButtonItem.m; sourceTree = "<group>"; };
		CC07B1831C3CDC15001D6762 /* MMDrawerController+Subclass.h */ = {isa = PBXFileReference; fileEncoding = 4; lastKnownFileType = sourcecode.c.h; path = "MMDrawerController+Subclass.h"; sourceTree = "<group>"; };
		CC07B1841C3CDC15001D6762 /* MMDrawerController.h */ = {isa = PBXFileReference; fileEncoding = 4; lastKnownFileType = sourcecode.c.h; path = MMDrawerController.h; sourceTree = "<group>"; };
		CC07B1851C3CDC15001D6762 /* MMDrawerController.m */ = {isa = PBXFileReference; fileEncoding = 4; lastKnownFileType = sourcecode.c.objc; path = MMDrawerController.m; sourceTree = "<group>"; };
		CC07B1861C3CDC15001D6762 /* MMDrawerVisualState.h */ = {isa = PBXFileReference; fileEncoding = 4; lastKnownFileType = sourcecode.c.h; path = MMDrawerVisualState.h; sourceTree = "<group>"; };
		CC07B1871C3CDC15001D6762 /* MMDrawerVisualState.m */ = {isa = PBXFileReference; fileEncoding = 4; lastKnownFileType = sourcecode.c.objc; path = MMDrawerVisualState.m; sourceTree = "<group>"; };
		CC07B1881C3CDC15001D6762 /* UIViewController+MMDrawerController.h */ = {isa = PBXFileReference; fileEncoding = 4; lastKnownFileType = sourcecode.c.h; path = "UIViewController+MMDrawerController.h"; sourceTree = "<group>"; };
		CC07B1891C3CDC15001D6762 /* UIViewController+MMDrawerController.m */ = {isa = PBXFileReference; fileEncoding = 4; lastKnownFileType = sourcecode.c.objc; path = "UIViewController+MMDrawerController.m"; sourceTree = "<group>"; };
		CC07B1911C3CDEAD001D6762 /* ZFBaseViewController.swift */ = {isa = PBXFileReference; fileEncoding = 4; lastKnownFileType = sourcecode.swift; path = ZFBaseViewController.swift; sourceTree = "<group>"; };
		CC07B1951C3CDF31001D6762 /* ZFBaseNavigationController.swift */ = {isa = PBXFileReference; fileEncoding = 4; lastKnownFileType = sourcecode.swift; path = ZFBaseNavigationController.swift; sourceTree = "<group>"; };
		CC07B19D1C3CE322001D6762 /* LaunchViewController.swift */ = {isa = PBXFileReference; fileEncoding = 4; lastKnownFileType = sourcecode.swift; path = LaunchViewController.swift; sourceTree = "<group>"; };
		CC07B1A21C3CE478001D6762 /* JSAnimatedImagesView.h */ = {isa = PBXFileReference; fileEncoding = 4; lastKnownFileType = sourcecode.c.h; path = JSAnimatedImagesView.h; sourceTree = "<group>"; };
		CC07B1A31C3CE478001D6762 /* JSAnimatedImagesView.m */ = {isa = PBXFileReference; fileEncoding = 4; lastKnownFileType = sourcecode.c.objc; path = JSAnimatedImagesView.m; sourceTree = "<group>"; };
		CC07B1A61C3CE61B001D6762 /* GradientView.h */ = {isa = PBXFileReference; fileEncoding = 4; lastKnownFileType = sourcecode.c.h; path = GradientView.h; sourceTree = "<group>"; };
		CC07B1A71C3CE61B001D6762 /* GradientView.m */ = {isa = PBXFileReference; fileEncoding = 4; lastKnownFileType = sourcecode.c.objc; path = GradientView.m; sourceTree = "<group>"; };
		CC07B1AA1C3CE6A4001D6762 /* MSWeakTimer.h */ = {isa = PBXFileReference; fileEncoding = 4; lastKnownFileType = sourcecode.c.h; path = MSWeakTimer.h; sourceTree = "<group>"; };
		CC07B1AB1C3CE6A4001D6762 /* MSWeakTimer.m */ = {isa = PBXFileReference; fileEncoding = 4; lastKnownFileType = sourcecode.c.objc; path = MSWeakTimer.m; sourceTree = "<group>"; };
		CC07B1C31C3E2CC2001D6762 /* NSURLSession+SynchronousTask.swift */ = {isa = PBXFileReference; fileEncoding = 4; lastKnownFileType = sourcecode.swift; path = "NSURLSession+SynchronousTask.swift"; sourceTree = "<group>"; };
		CC07B1C51C3E2DC1001D6762 /* AppException.swift */ = {isa = PBXFileReference; fileEncoding = 4; lastKnownFileType = sourcecode.swift; path = AppException.swift; sourceTree = "<group>"; };
		CC07B1D61C3E621B001D6762 /* NavigationBarExtension.swift */ = {isa = PBXFileReference; fileEncoding = 4; lastKnownFileType = sourcecode.swift; path = NavigationBarExtension.swift; sourceTree = "<group>"; };
		CC07B1DF1C3E6DEF001D6762 /* ZFThemeViewModel.swift */ = {isa = PBXFileReference; fileEncoding = 4; lastKnownFileType = sourcecode.swift; path = ZFThemeViewModel.swift; sourceTree = "<group>"; };
		CC07B1E91C3F789F001D6762 /* CyclePictureView.swift */ = {isa = PBXFileReference; fileEncoding = 4; lastKnownFileType = sourcecode.swift; path = CyclePictureView.swift; sourceTree = "<group>"; };
		CC07B1EA1C3F789F001D6762 /* CyclePictureCell.swift */ = {isa = PBXFileReference; fileEncoding = 4; lastKnownFileType = sourcecode.swift; path = CyclePictureCell.swift; sourceTree = "<group>"; };
		CC07B1EB1C3F789F001D6762 /* AuxiliaryModels.swift */ = {isa = PBXFileReference; fileEncoding = 4; lastKnownFileType = sourcecode.swift; path = AuxiliaryModels.swift; sourceTree = "<group>"; };
		CC55E0F71C57055A00C6FD25 /* ZFEditors.swift */ = {isa = PBXFileReference; fileEncoding = 4; lastKnownFileType = sourcecode.swift; path = ZFEditors.swift; sourceTree = "<group>"; };
		CC55E0F81C57055A00C6FD25 /* ZFThemeDetail.swift */ = {isa = PBXFileReference; fileEncoding = 4; lastKnownFileType = sourcecode.swift; path = ZFThemeDetail.swift; sourceTree = "<group>"; };
		CC55E0F91C57055A00C6FD25 /* ZFThemeStories.swift */ = {isa = PBXFileReference; fileEncoding = 4; lastKnownFileType = sourcecode.swift; path = ZFThemeStories.swift; sourceTree = "<group>"; };
		CC58FD1B1C746C300003C36A /* ZFHeaderRefreshView.swift */ = {isa = PBXFileReference; fileEncoding = 4; lastKnownFileType = sourcecode.swift; path = ZFHeaderRefreshView.swift; sourceTree = "<group>"; };
		CC6369FF1C4349D100BCB70B /* ZFThemeViewController.swift */ = {isa = PBXFileReference; fileEncoding = 4; lastKnownFileType = sourcecode.swift; path = ZFThemeViewController.swift; sourceTree = "<group>"; };
		CC636A021C43519700BCB70B /* ZFThemeListViewModel.swift */ = {isa = PBXFileReference; fileEncoding = 4; lastKnownFileType = sourcecode.swift; path = ZFThemeListViewModel.swift; sourceTree = "<group>"; };
		CC636A0A1C43AC4100BCB70B /* ZFThemeListCell.swift */ = {isa = PBXFileReference; fileEncoding = 4; lastKnownFileType = sourcecode.swift; path = ZFThemeListCell.swift; sourceTree = "<group>"; };
		CC636A101C44BDDE00BCB70B /* ZFMainViewController.swift */ = {isa = PBXFileReference; fileEncoding = 4; lastKnownFileType = sourcecode.swift; path = ZFMainViewController.swift; sourceTree = "<group>"; };
		CC636A141C44BDDE00BCB70B /* KYCircularProgress.swift */ = {isa = PBXFileReference; fileEncoding = 4; lastKnownFileType = sourcecode.swift; path = KYCircularProgress.swift; sourceTree = "<group>"; };
		CC636A151C44BDDE00BCB70B /* ParallaxHeaderView.swift */ = {isa = PBXFileReference; fileEncoding = 4; lastKnownFileType = sourcecode.swift; path = ParallaxHeaderView.swift; sourceTree = "<group>"; };
		CC636A161C44BDDE00BCB70B /* ZFHomeCell.swift */ = {isa = PBXFileReference; fileEncoding = 4; lastKnownFileType = sourcecode.swift; path = ZFHomeCell.swift; sourceTree = "<group>"; };
		CC636A181C44BDDE00BCB70B /* ZFMainViewModel.swift */ = {isa = PBXFileReference; fileEncoding = 4; lastKnownFileType = sourcecode.swift; path = ZFMainViewModel.swift; sourceTree = "<group>"; };
		CC72831B1C5CE08400BFECBF /* ZFNewsCommentViewController.swift */ = {isa = PBXFileReference; fileEncoding = 4; lastKnownFileType = sourcecode.swift; path = ZFNewsCommentViewController.swift; sourceTree = "<group>"; };
		CC72831D1C5CE08400BFECBF /* ZFComments.swift */ = {isa = PBXFileReference; fileEncoding = 4; lastKnownFileType = sourcecode.swift; path = ZFComments.swift; sourceTree = "<group>"; };
		CC72831F1C5CE08400BFECBF /* ZFCommentCell.swift */ = {isa = PBXFileReference; fileEncoding = 4; lastKnownFileType = sourcecode.swift; path = ZFCommentCell.swift; sourceTree = "<group>"; };
		CC7283211C5CE08400BFECBF /* ZFNewsCommentViewModel.swift */ = {isa = PBXFileReference; fileEncoding = 4; lastKnownFileType = sourcecode.swift; path = ZFNewsCommentViewModel.swift; sourceTree = "<group>"; };
		CC72ADA81C44D7720035ACA6 /* ZFNewsDetailViewController.swift */ = {isa = PBXFileReference; fileEncoding = 4; lastKnownFileType = sourcecode.swift; path = ZFNewsDetailViewController.swift; sourceTree = "<group>"; };
		CC72ADAB1C44D8E90035ACA6 /* ZFNewsDetailViewModel.swift */ = {isa = PBXFileReference; fileEncoding = 4; lastKnownFileType = sourcecode.swift; path = ZFNewsDetailViewModel.swift; sourceTree = "<group>"; };
		CC72ADB01C44DE600035ACA6 /* ZanButton.swift */ = {isa = PBXFileReference; fileEncoding = 4; lastKnownFileType = sourcecode.swift; path = ZanButton.swift; sourceTree = "<group>"; };
		CC72ADB21C44DE7C0035ACA6 /* NumberScrollAnimatedView.swift */ = {isa = PBXFileReference; fileEncoding = 4; lastKnownFileType = sourcecode.swift; path = NumberScrollAnimatedView.swift; sourceTree = "<group>"; };
		CC7D52301C565002005FB83E /* ZFLatestNews.swift */ = {isa = PBXFileReference; fileEncoding = 4; lastKnownFileType = sourcecode.swift; path = ZFLatestNews.swift; sourceTree = "<group>"; };
		CC7D52311C565002005FB83E /* ZFStories.swift */ = {isa = PBXFileReference; fileEncoding = 4; lastKnownFileType = sourcecode.swift; path = ZFStories.swift; sourceTree = "<group>"; };
		CC7D52321C565002005FB83E /* ZFTopStories.swift */ = {isa = PBXFileReference; fileEncoding = 4; lastKnownFileType = sourcecode.swift; path = ZFTopStories.swift; sourceTree = "<group>"; };
		CC7D52371C565AC5005FB83E /* ZFBeforeNews.swift */ = {isa = PBXFileReference; fileEncoding = 4; lastKnownFileType = sourcecode.swift; path = ZFBeforeNews.swift; sourceTree = "<group>"; };
		CC98C87C1C3B51DE002FED99 /* ZFZhiHuDaily.app */ = {isa = PBXFileReference; explicitFileType = wrapper.application; includeInIndex = 0; path = ZFZhiHuDaily.app; sourceTree = BUILT_PRODUCTS_DIR; };
		CC98C87F1C3B51DE002FED99 /* AppDelegate.swift */ = {isa = PBXFileReference; lastKnownFileType = sourcecode.swift; path = AppDelegate.swift; sourceTree = "<group>"; };
		CC98C8841C3B51DE002FED99 /* Base */ = {isa = PBXFileReference; lastKnownFileType = file.storyboard; name = Base; path = Base.lproj/Main.storyboard; sourceTree = "<group>"; };
		CC98C8861C3B51DE002FED99 /* Assets.xcassets */ = {isa = PBXFileReference; lastKnownFileType = folder.assetcatalog; path = Assets.xcassets; sourceTree = "<group>"; };
		CC98C8891C3B51DE002FED99 /* Base */ = {isa = PBXFileReference; lastKnownFileType = file.storyboard; name = Base; path = Base.lproj/LaunchScreen.storyboard; sourceTree = "<group>"; };
		CC98C88B1C3B51DE002FED99 /* Info.plist */ = {isa = PBXFileReference; lastKnownFileType = text.plist.xml; path = Info.plist; sourceTree = "<group>"; };
		CC98C8901C3B51DE002FED99 /* ZFZhiHuDailyTests.xctest */ = {isa = PBXFileReference; explicitFileType = wrapper.cfbundle; includeInIndex = 0; path = ZFZhiHuDailyTests.xctest; sourceTree = BUILT_PRODUCTS_DIR; };
		CC98C8941C3B51DE002FED99 /* ZFZhiHuDailyTests.swift */ = {isa = PBXFileReference; lastKnownFileType = sourcecode.swift; path = ZFZhiHuDailyTests.swift; sourceTree = "<group>"; };
		CC98C8961C3B51DE002FED99 /* Info.plist */ = {isa = PBXFileReference; lastKnownFileType = text.plist.xml; path = Info.plist; sourceTree = "<group>"; };
		CC98C89B1C3B51DE002FED99 /* ZFZhiHuDailyUITests.xctest */ = {isa = PBXFileReference; explicitFileType = wrapper.cfbundle; includeInIndex = 0; path = ZFZhiHuDailyUITests.xctest; sourceTree = BUILT_PRODUCTS_DIR; };
		CC98C89F1C3B51DE002FED99 /* ZFZhiHuDailyUITests.swift */ = {isa = PBXFileReference; lastKnownFileType = sourcecode.swift; path = ZFZhiHuDailyUITests.swift; sourceTree = "<group>"; };
		CC98C8A11C3B51DE002FED99 /* Info.plist */ = {isa = PBXFileReference; lastKnownFileType = text.plist.xml; path = Info.plist; sourceTree = "<group>"; };
		CC98C8AD1C3B51F1002FED99 /* ZFZhiHuDaily-Bridging-Header.h */ = {isa = PBXFileReference; lastKnownFileType = sourcecode.c.h; path = "ZFZhiHuDaily-Bridging-Header.h"; sourceTree = "<group>"; };
		CC98C8B21C3B53FD002FED99 /* ZFAppConfig.swift */ = {isa = PBXFileReference; fileEncoding = 4; lastKnownFileType = sourcecode.swift; path = ZFAppConfig.swift; sourceTree = "<group>"; };
		CC98C8D01C3B5945002FED99 /* Left.storyboard */ = {isa = PBXFileReference; fileEncoding = 4; lastKnownFileType = file.storyboard; path = Left.storyboard; sourceTree = "<group>"; };
		CCA681891C58AF7300A8D947 /* ZFNewsDetail.swift */ = {isa = PBXFileReference; fileEncoding = 4; lastKnownFileType = sourcecode.swift; path = ZFNewsDetail.swift; sourceTree = "<group>"; };
		CCA6818D1C58BA3800A8D947 /* ZFNewsExtra.swift */ = {isa = PBXFileReference; fileEncoding = 4; lastKnownFileType = sourcecode.swift; path = ZFNewsExtra.swift; sourceTree = "<group>"; };
		CCAD29751C40EEEB0096B2A7 /* MMViewController.swift */ = {isa = PBXFileReference; fileEncoding = 4; lastKnownFileType = sourcecode.swift; path = MMViewController.swift; sourceTree = "<group>"; };
		CCAD29781C40F3B40096B2A7 /* CircleRefreshView.h */ = {isa = PBXFileReference; fileEncoding = 4; lastKnownFileType = sourcecode.c.h; path = CircleRefreshView.h; sourceTree = "<group>"; };
		CCAD29791C40F3B40096B2A7 /* CircleRefreshView.m */ = {isa = PBXFileReference; fileEncoding = 4; lastKnownFileType = sourcecode.c.objc; path = CircleRefreshView.m; sourceTree = "<group>"; };
		CCAD297A1C40F3B40096B2A7 /* DetailHeaderView.h */ = {isa = PBXFileReference; fileEncoding = 4; lastKnownFileType = sourcecode.c.h; path = DetailHeaderView.h; sourceTree = "<group>"; };
		CCAD297B1C40F3B40096B2A7 /* DetailHeaderView.m */ = {isa = PBXFileReference; fileEncoding = 4; lastKnownFileType = sourcecode.c.objc; path = DetailHeaderView.m; sourceTree = "<group>"; };
		CCAD297C1C40F3B40096B2A7 /* DetailFooterView.h */ = {isa = PBXFileReference; fileEncoding = 4; lastKnownFileType = sourcecode.c.h; path = DetailFooterView.h; sourceTree = "<group>"; };
		CCAD297D1C40F3B40096B2A7 /* DetailFooterView.m */ = {isa = PBXFileReference; fileEncoding = 4; lastKnownFileType = sourcecode.c.objc; path = DetailFooterView.m; sourceTree = "<group>"; };
		CCAD29851C40F43D0096B2A7 /* UIView+Extension.h */ = {isa = PBXFileReference; fileEncoding = 4; lastKnownFileType = sourcecode.c.h; path = "UIView+Extension.h"; sourceTree = "<group>"; };
		CCAD29861C40F43D0096B2A7 /* UIView+Extension.m */ = {isa = PBXFileReference; fileEncoding = 4; lastKnownFileType = sourcecode.c.objc; path = "UIView+Extension.m"; sourceTree = "<group>"; };
		CCF49F741C6070DE006A5775 /* ZFTheme.swift */ = {isa = PBXFileReference; fileEncoding = 4; lastKnownFileType = sourcecode.swift; path = ZFTheme.swift; sourceTree = "<group>"; };
/* End PBXFileReference section */

/* Begin PBXFrameworksBuildPhase section */
		CC98C8791C3B51DE002FED99 /* Frameworks */ = {
			isa = PBXFrameworksBuildPhase;
			buildActionMask = 2147483647;
			files = (
				5F8654CBD40EE382A3C3CE62 /* Pods.framework in Frameworks */,
			);
			runOnlyForDeploymentPostprocessing = 0;
		};
		CC98C88D1C3B51DE002FED99 /* Frameworks */ = {
			isa = PBXFrameworksBuildPhase;
			buildActionMask = 2147483647;
			files = (
			);
			runOnlyForDeploymentPostprocessing = 0;
		};
		CC98C8981C3B51DE002FED99 /* Frameworks */ = {
			isa = PBXFrameworksBuildPhase;
			buildActionMask = 2147483647;
			files = (
			);
			runOnlyForDeploymentPostprocessing = 0;
		};
/* End PBXFrameworksBuildPhase section */

/* Begin PBXGroup section */
		8EBCF8E8CD12027D979BC533 /* Frameworks */ = {
			isa = PBXGroup;
			children = (
				1DE7C5D7F7B13920F28CC943 /* Pods.framework */,
			);
			name = Frameworks;
			sourceTree = "<group>";
		};
		CC073EF51C3B844E00906779 /* Drawer */ = {
			isa = PBXGroup;
			children = (
				CC073EF71C3B847800906779 /* Controller */,
				CC073EF81C3B847D00906779 /* Model */,
				CC073EF91C3B848300906779 /* View */,
				CC073EF61C3B846F00906779 /* ViewModel */,
			);
			path = Drawer;
			sourceTree = "<group>";
		};
		CC073EF61C3B846F00906779 /* ViewModel */ = {
			isa = PBXGroup;
			children = (
				CC07B1DF1C3E6DEF001D6762 /* ZFThemeViewModel.swift */,
			);
			path = ViewModel;
			sourceTree = "<group>";
		};
		CC073EF71C3B847800906779 /* Controller */ = {
			isa = PBXGroup;
			children = (
				CCAD29751C40EEEB0096B2A7 /* MMViewController.swift */,
				CC073F0A1C3CA29000906779 /* ZFDrawerViewController.swift */,
			);
			path = Controller;
			sourceTree = "<group>";
		};
		CC073EF81C3B847D00906779 /* Model */ = {
			isa = PBXGroup;
			children = (
				CCF49F741C6070DE006A5775 /* ZFTheme.swift */,
			);
			path = Model;
			sourceTree = "<group>";
		};
		CC073EF91C3B848300906779 /* View */ = {
			isa = PBXGroup;
			children = (
				CC073EFA1C3B84E900906779 /* LeftCell.swift */,
				CC073F0C1C3CA39900906779 /* ZFLeftHomeCell.swift */,
			);
			path = View;
			sourceTree = "<group>";
		};
		CC073F101C3CB80D00906779 /* NetWork */ = {
			isa = PBXGroup;
			children = (
				CC07B1371C3CC138001D6762 /* ZFNetworkTool.swift */,
			);
			path = NetWork;
			sourceTree = "<group>";
		};
		CC07B1391C3CCD12001D6762 /* Config */ = {
			isa = PBXGroup;
			children = (
				CC07B13A1C3CCDA5001D6762 /* ZFAPIConfig.swift */,
				CC98C8B21C3B53FD002FED99 /* ZFAppConfig.swift */,
			);
			path = Config;
			sourceTree = "<group>";
		};
		CC07B13C1C3CDBAE001D6762 /* Extension */ = {
			isa = PBXGroup;
			children = (
				CCAD29821C40F4000096B2A7 /* OCExtension */,
				CC07B13D1C3CDBCA001D6762 /* SwiftExtension */,
			);
			path = Extension;
			sourceTree = "<group>";
		};
		CC07B13D1C3CDBCA001D6762 /* SwiftExtension */ = {
			isa = PBXGroup;
			children = (
				CC07B13E1C3CDBCA001D6762 /* CoreGraphics */,
				CC07B1401C3CDBCA001D6762 /* Foundation */,
				CC07B14E1C3CDBCA001D6762 /* Module */,
				CC07B1521C3CDBCA001D6762 /* UIKit */,
			);
			path = SwiftExtension;
			sourceTree = "<group>";
		};
		CC07B13E1C3CDBCA001D6762 /* CoreGraphics */ = {
			isa = PBXGroup;
			children = (
				CC07B13F1C3CDBCA001D6762 /* CoreGraphics.swift */,
			);
			path = CoreGraphics;
			sourceTree = "<group>";
		};
		CC07B1401C3CDBCA001D6762 /* Foundation */ = {
			isa = PBXGroup;
			children = (
				CC07B1411C3CDBCA001D6762 /* AnyObject */,
				CC07B1431C3CDBCA001D6762 /* Array */,
				CC07B1451C3CDBCA001D6762 /* ArraySlice */,
				CC07B1471C3CDBCA001D6762 /* Dictionary */,
				CC07B1C21C3E2CB8001D6762 /* NSURLSession */,
				CC07B14A1C3CDBCA001D6762 /* String */,
				CC07B1491C3CDBCA001D6762 /* Foundation+Extend.swift */,
			);
			path = Foundation;
			sourceTree = "<group>";
		};
		CC07B1411C3CDBCA001D6762 /* AnyObject */ = {
			isa = PBXGroup;
			children = (
				CC07B1421C3CDBCA001D6762 /* AnyObject+Extend.swift */,
			);
			path = AnyObject;
			sourceTree = "<group>";
		};
		CC07B1431C3CDBCA001D6762 /* Array */ = {
			isa = PBXGroup;
			children = (
				CC07B1441C3CDBCA001D6762 /* Array+Extend.swift */,
			);
			path = Array;
			sourceTree = "<group>";
		};
		CC07B1451C3CDBCA001D6762 /* ArraySlice */ = {
			isa = PBXGroup;
			children = (
				CC07B1461C3CDBCA001D6762 /* ArraySlice+Extend.swift */,
			);
			path = ArraySlice;
			sourceTree = "<group>";
		};
		CC07B1471C3CDBCA001D6762 /* Dictionary */ = {
			isa = PBXGroup;
			children = (
				CC07B1481C3CDBCA001D6762 /* Dictionary+Extend.swift */,
			);
			path = Dictionary;
			sourceTree = "<group>";
		};
		CC07B14A1C3CDBCA001D6762 /* String */ = {
			isa = PBXGroup;
			children = (
				CC07B14B1C3CDBCA001D6762 /* String+Extend.swift */,
			);
			path = String;
			sourceTree = "<group>";
		};
		CC07B14E1C3CDBCA001D6762 /* Module */ = {
			isa = PBXGroup;
			children = (
				CC07B14F1C3CDBCA001D6762 /* AppDelegate */,
			);
			path = Module;
			sourceTree = "<group>";
		};
		CC07B14F1C3CDBCA001D6762 /* AppDelegate */ = {
			isa = PBXGroup;
			children = (
				CC07B1501C3CDBCA001D6762 /* AppDelegate+Extend.swift */,
				CC07B1511C3CDBCA001D6762 /* UIWindow+AppDelegate.swift */,
			);
			path = AppDelegate;
			sourceTree = "<group>";
		};
		CC07B1521C3CDBCA001D6762 /* UIKit */ = {
			isa = PBXGroup;
			children = (
				CC07B1531C3CDBCA001D6762 /* Controller */,
				CC07B1551C3CDBCA001D6762 /* UIButton */,
				CC07B1571C3CDBCA001D6762 /* UIColor */,
				CC07B1591C3CDBCA001D6762 /* UIDevice */,
				CC07B15B1C3CDBCA001D6762 /* UIImage */,
				CC07B1D51C3E6202001D6762 /* UINaVigationBar */,
				CC07B15D1C3CDBCA001D6762 /* UIScreen */,
				CC07B15F1C3CDBCA001D6762 /* UITableViewCell */,
				CC07B1611C3CDBCA001D6762 /* UITextField */,
			);
			path = UIKit;
			sourceTree = "<group>";
		};
		CC07B1531C3CDBCA001D6762 /* Controller */ = {
			isa = PBXGroup;
			children = (
				CC07B1541C3CDBCA001D6762 /* UIViewController.swift */,
			);
			path = Controller;
			sourceTree = "<group>";
		};
		CC07B1551C3CDBCA001D6762 /* UIButton */ = {
			isa = PBXGroup;
			children = (
				CC07B1561C3CDBCA001D6762 /* UIButton+Extend.swift */,
			);
			path = UIButton;
			sourceTree = "<group>";
		};
		CC07B1571C3CDBCA001D6762 /* UIColor */ = {
			isa = PBXGroup;
			children = (
				CC07B1581C3CDBCA001D6762 /* UIColor+Extend.swift */,
			);
			path = UIColor;
			sourceTree = "<group>";
		};
		CC07B1591C3CDBCA001D6762 /* UIDevice */ = {
			isa = PBXGroup;
			children = (
				CC07B15A1C3CDBCA001D6762 /* UIDevice.swift */,
			);
			path = UIDevice;
			sourceTree = "<group>";
		};
		CC07B15B1C3CDBCA001D6762 /* UIImage */ = {
			isa = PBXGroup;
			children = (
				CC07B15C1C3CDBCA001D6762 /* UIImage+Extend.swift */,
			);
			path = UIImage;
			sourceTree = "<group>";
		};
		CC07B15D1C3CDBCA001D6762 /* UIScreen */ = {
			isa = PBXGroup;
			children = (
				CC07B15E1C3CDBCA001D6762 /* UIScreen.swift */,
			);
			path = UIScreen;
			sourceTree = "<group>";
		};
		CC07B15F1C3CDBCA001D6762 /* UITableViewCell */ = {
			isa = PBXGroup;
			children = (
				CC07B1601C3CDBCA001D6762 /* UITableViewCell+Extend.swift */,
			);
			path = UITableViewCell;
			sourceTree = "<group>";
		};
		CC07B1611C3CDBCA001D6762 /* UITextField */ = {
			isa = PBXGroup;
			children = (
				CC07B1621C3CDBCA001D6762 /* Common */,
				CC07B1651C3CDBCA001D6762 /* UITextField+Extend.swift */,
			);
			path = UITextField;
			sourceTree = "<group>";
		};
		CC07B1621C3CDBCA001D6762 /* Common */ = {
			isa = PBXGroup;
			children = (
				CC07B1631C3CDBCA001D6762 /* AccessoryView.swift */,
				CC07B1641C3CDBCA001D6762 /* AccessoryView.xib */,
			);
			path = Common;
			sourceTree = "<group>";
		};
		CC07B17C1C3CDBD0001D6762 /* Lib */ = {
			isa = PBXGroup;
			children = (
				CC07B1E81C3F7895001D6762 /* CyclePictureView */,
				CC07B1A51C3CE60D001D6762 /* GradientView */,
				CC07B17D1C3CDC15001D6762 /* ImageTextButton */,
				CC07B1A11C3CE464001D6762 /* JSAnimatedImagesView */,
				CC07B1801C3CDC15001D6762 /* MMDrawerController */,
				CC07B1A91C3CE68A001D6762 /* MSWeakTimer */,
				CCAD29771C40F39C0096B2A7 /* WBRefresh */,
			);
			path = Lib;
			sourceTree = "<group>";
		};
		CC07B17D1C3CDC15001D6762 /* ImageTextButton */ = {
			isa = PBXGroup;
			children = (
				CC07B17E1C3CDC15001D6762 /* ImageTextButton.h */,
				CC07B17F1C3CDC15001D6762 /* ImageTextButton.m */,
			);
			path = ImageTextButton;
			sourceTree = "<group>";
		};
		CC07B1801C3CDC15001D6762 /* MMDrawerController */ = {
			isa = PBXGroup;
			children = (
				CC07B1811C3CDC15001D6762 /* MMDrawerBarButtonItem.h */,
				CC07B1821C3CDC15001D6762 /* MMDrawerBarButtonItem.m */,
				CC07B1831C3CDC15001D6762 /* MMDrawerController+Subclass.h */,
				CC07B1841C3CDC15001D6762 /* MMDrawerController.h */,
				CC07B1851C3CDC15001D6762 /* MMDrawerController.m */,
				CC07B1861C3CDC15001D6762 /* MMDrawerVisualState.h */,
				CC07B1871C3CDC15001D6762 /* MMDrawerVisualState.m */,
				CC07B1881C3CDC15001D6762 /* UIViewController+MMDrawerController.h */,
				CC07B1891C3CDC15001D6762 /* UIViewController+MMDrawerController.m */,
			);
			path = MMDrawerController;
			sourceTree = "<group>";
		};
		CC07B18F1C3CDE89001D6762 /* Base */ = {
			isa = PBXGroup;
			children = (
				CC07B1901C3CDE94001D6762 /* Controller */,
			);
			path = Base;
			sourceTree = "<group>";
		};
		CC07B1901C3CDE94001D6762 /* Controller */ = {
			isa = PBXGroup;
			children = (
				CC07B1951C3CDF31001D6762 /* ZFBaseNavigationController.swift */,
				CC07B1911C3CDEAD001D6762 /* ZFBaseViewController.swift */,
			);
			path = Controller;
			sourceTree = "<group>";
		};
		CC07B19B1C3CE2FA001D6762 /* Launch */ = {
			isa = PBXGroup;
			children = (
				CC07B19C1C3CE30A001D6762 /* Controller */,
			);
			path = Launch;
			sourceTree = "<group>";
		};
		CC07B19C1C3CE30A001D6762 /* Controller */ = {
			isa = PBXGroup;
			children = (
				CC07B19D1C3CE322001D6762 /* LaunchViewController.swift */,
			);
			path = Controller;
			sourceTree = "<group>";
		};
		CC07B1A11C3CE464001D6762 /* JSAnimatedImagesView */ = {
			isa = PBXGroup;
			children = (
				CC07B1A21C3CE478001D6762 /* JSAnimatedImagesView.h */,
				CC07B1A31C3CE478001D6762 /* JSAnimatedImagesView.m */,
			);
			path = JSAnimatedImagesView;
			sourceTree = "<group>";
		};
		CC07B1A51C3CE60D001D6762 /* GradientView */ = {
			isa = PBXGroup;
			children = (
				CC07B1A61C3CE61B001D6762 /* GradientView.h */,
				CC07B1A71C3CE61B001D6762 /* GradientView.m */,
			);
			path = GradientView;
			sourceTree = "<group>";
		};
		CC07B1A91C3CE68A001D6762 /* MSWeakTimer */ = {
			isa = PBXGroup;
			children = (
				CC07B1AA1C3CE6A4001D6762 /* MSWeakTimer.h */,
				CC07B1AB1C3CE6A4001D6762 /* MSWeakTimer.m */,
			);
			path = MSWeakTimer;
			sourceTree = "<group>";
		};
		CC07B1C21C3E2CB8001D6762 /* NSURLSession */ = {
			isa = PBXGroup;
			children = (
				CC07B1C51C3E2DC1001D6762 /* AppException.swift */,
				CC07B1C31C3E2CC2001D6762 /* NSURLSession+SynchronousTask.swift */,
			);
			path = NSURLSession;
			sourceTree = "<group>";
		};
		CC07B1D51C3E6202001D6762 /* UINaVigationBar */ = {
			isa = PBXGroup;
			children = (
				CC07B1D61C3E621B001D6762 /* NavigationBarExtension.swift */,
			);
			path = UINaVigationBar;
			sourceTree = "<group>";
		};
		CC07B1E81C3F7895001D6762 /* CyclePictureView */ = {
			isa = PBXGroup;
			children = (
				CC07B1EB1C3F789F001D6762 /* AuxiliaryModels.swift */,
				CC07B1EA1C3F789F001D6762 /* CyclePictureCell.swift */,
				CC07B1E91C3F789F001D6762 /* CyclePictureView.swift */,
			);
			path = CyclePictureView;
			sourceTree = "<group>";
		};
		CC6369FD1C43499100BCB70B /* ThemeList */ = {
			isa = PBXGroup;
			children = (
				CC6369FE1C4349A200BCB70B /* Controller */,
				CC636A051C43534E00BCB70B /* Model */,
				CC636A091C43AC2600BCB70B /* View */,
				CC636A011C43517A00BCB70B /* ViewModel */,
			);
			path = ThemeList;
			sourceTree = "<group>";
		};
		CC6369FE1C4349A200BCB70B /* Controller */ = {
			isa = PBXGroup;
			children = (
				CC6369FF1C4349D100BCB70B /* ZFThemeViewController.swift */,
			);
			path = Controller;
			sourceTree = "<group>";
		};
		CC636A011C43517A00BCB70B /* ViewModel */ = {
			isa = PBXGroup;
			children = (
				CC636A021C43519700BCB70B /* ZFThemeListViewModel.swift */,
			);
			path = ViewModel;
			sourceTree = "<group>";
		};
		CC636A051C43534E00BCB70B /* Model */ = {
			isa = PBXGroup;
			children = (
				CC55E0F81C57055A00C6FD25 /* ZFThemeDetail.swift */,
				CC55E0F91C57055A00C6FD25 /* ZFThemeStories.swift */,
				CC55E0F71C57055A00C6FD25 /* ZFEditors.swift */,
			);
			path = Model;
			sourceTree = "<group>";
		};
		CC636A091C43AC2600BCB70B /* View */ = {
			isa = PBXGroup;
			children = (
				CC636A0A1C43AC4100BCB70B /* ZFThemeListCell.swift */,
			);
			path = View;
			sourceTree = "<group>";
		};
		CC636A0E1C44BDDE00BCB70B /* Home */ = {
			isa = PBXGroup;
			children = (
				CC636A0F1C44BDDE00BCB70B /* Controller */,
				CC636A111C44BDDE00BCB70B /* Model */,
				CC636A131C44BDDE00BCB70B /* View */,
				CC636A171C44BDDE00BCB70B /* ViewModel */,
			);
			path = Home;
			sourceTree = "<group>";
		};
		CC636A0F1C44BDDE00BCB70B /* Controller */ = {
			isa = PBXGroup;
			children = (
				CC636A101C44BDDE00BCB70B /* ZFMainViewController.swift */,
			);
			path = Controller;
			sourceTree = "<group>";
		};
		CC636A111C44BDDE00BCB70B /* Model */ = {
			isa = PBXGroup;
			children = (
				CC7D52301C565002005FB83E /* ZFLatestNews.swift */,
				CC7D52371C565AC5005FB83E /* ZFBeforeNews.swift */,
				CC7D52311C565002005FB83E /* ZFStories.swift */,
				CC7D52321C565002005FB83E /* ZFTopStories.swift */,
			);
			path = Model;
			sourceTree = "<group>";
		};
		CC636A131C44BDDE00BCB70B /* View */ = {
			isa = PBXGroup;
			children = (
				CC636A141C44BDDE00BCB70B /* KYCircularProgress.swift */,
				CC636A151C44BDDE00BCB70B /* ParallaxHeaderView.swift */,
				CC636A161C44BDDE00BCB70B /* ZFHomeCell.swift */,
			);
			path = View;
			sourceTree = "<group>";
		};
		CC636A171C44BDDE00BCB70B /* ViewModel */ = {
			isa = PBXGroup;
			children = (
				CC636A181C44BDDE00BCB70B /* ZFMainViewModel.swift */,
			);
			path = ViewModel;
			sourceTree = "<group>";
		};
		CC7283191C5CE08400BFECBF /* NewsComments */ = {
			isa = PBXGroup;
			children = (
				CC72831A1C5CE08400BFECBF /* Controller */,
				CC72831C1C5CE08400BFECBF /* Model */,
				CC72831E1C5CE08400BFECBF /* View */,
				CC7283201C5CE08400BFECBF /* ViewModel */,
			);
			path = NewsComments;
			sourceTree = "<group>";
		};
		CC72831A1C5CE08400BFECBF /* Controller */ = {
			isa = PBXGroup;
			children = (
				CC72831B1C5CE08400BFECBF /* ZFNewsCommentViewController.swift */,
			);
			path = Controller;
			sourceTree = "<group>";
		};
		CC72831C1C5CE08400BFECBF /* Model */ = {
			isa = PBXGroup;
			children = (
				CC72831D1C5CE08400BFECBF /* ZFComments.swift */,
			);
			path = Model;
			sourceTree = "<group>";
		};
		CC72831E1C5CE08400BFECBF /* View */ = {
			isa = PBXGroup;
			children = (
				CC72831F1C5CE08400BFECBF /* ZFCommentCell.swift */,
			);
			path = View;
			sourceTree = "<group>";
		};
		CC7283201C5CE08400BFECBF /* ViewModel */ = {
			isa = PBXGroup;
			children = (
				CC7283211C5CE08400BFECBF /* ZFNewsCommentViewModel.swift */,
			);
			path = ViewModel;
			sourceTree = "<group>";
		};
		CC72ADA61C44D73C0035ACA6 /* NewsDatail */ = {
			isa = PBXGroup;
			children = (
				CC72ADA71C44D7470035ACA6 /* Controller */,
				CC72ADB41C44E4A00035ACA6 /* Model */,
				CC72ADAF1C44DE520035ACA6 /* View */,
				CC72ADAA1C44D89D0035ACA6 /* ViewModel */,
			);
			path = NewsDatail;
			sourceTree = "<group>";
		};
		CC72ADA71C44D7470035ACA6 /* Controller */ = {
			isa = PBXGroup;
			children = (
				CC72ADA81C44D7720035ACA6 /* ZFNewsDetailViewController.swift */,
			);
			path = Controller;
			sourceTree = "<group>";
		};
		CC72ADAA1C44D89D0035ACA6 /* ViewModel */ = {
			isa = PBXGroup;
			children = (
				CC72ADAB1C44D8E90035ACA6 /* ZFNewsDetailViewModel.swift */,
			);
			path = ViewModel;
			sourceTree = "<group>";
		};
		CC72ADAF1C44DE520035ACA6 /* View */ = {
			isa = PBXGroup;
			children = (
				CC72ADB21C44DE7C0035ACA6 /* NumberScrollAnimatedView.swift */,
				CC72ADB01C44DE600035ACA6 /* ZanButton.swift */,
				CC58FD1B1C746C300003C36A /* ZFHeaderRefreshView.swift */,
			);
			path = View;
			sourceTree = "<group>";
		};
		CC72ADB41C44E4A00035ACA6 /* Model */ = {
			isa = PBXGroup;
			children = (
				CCA681891C58AF7300A8D947 /* ZFNewsDetail.swift */,
				CCA6818D1C58BA3800A8D947 /* ZFNewsExtra.swift */,
			);
			path = Model;
			sourceTree = "<group>";
		};
		CC98C8731C3B51DE002FED99 = {
			isa = PBXGroup;
			children = (
				8EBCF8E8CD12027D979BC533 /* Frameworks */,
				D5EFD697A5854927E0C46802 /* Pods */,
				CC98C87D1C3B51DE002FED99 /* Products */,
				CC98C87E1C3B51DE002FED99 /* ZFZhiHuDaily */,
				CC98C8931C3B51DE002FED99 /* ZFZhiHuDailyTests */,
				CC98C89E1C3B51DE002FED99 /* ZFZhiHuDailyUITests */,
			);
			sourceTree = "<group>";
		};
		CC98C87D1C3B51DE002FED99 /* Products */ = {
			isa = PBXGroup;
			children = (
				CC98C87C1C3B51DE002FED99 /* ZFZhiHuDaily.app */,
				CC98C8901C3B51DE002FED99 /* ZFZhiHuDailyTests.xctest */,
				CC98C89B1C3B51DE002FED99 /* ZFZhiHuDailyUITests.xctest */,
			);
			name = Products;
			sourceTree = "<group>";
		};
		CC98C87E1C3B51DE002FED99 /* ZFZhiHuDaily */ = {
			isa = PBXGroup;
			children = (
				CC07B18F1C3CDE89001D6762 /* Base */,
				CC073EF51C3B844E00906779 /* Drawer */,
				CC07B19B1C3CE2FA001D6762 /* Launch */,
				CC636A0E1C44BDDE00BCB70B /* Home */,
				CC6369FD1C43499100BCB70B /* ThemeList */,
				CC72ADA61C44D73C0035ACA6 /* NewsDatail */,
				CC7283191C5CE08400BFECBF /* NewsComments */,
				CC98C8B11C3B53F2002FED99 /* Other */,
				CC98C8CF1C3B5904002FED99 /* Storyboard */,
				CC98C8861C3B51DE002FED99 /* Assets.xcassets */,
				CC98C88B1C3B51DE002FED99 /* Info.plist */,
				CC98C8AD1C3B51F1002FED99 /* ZFZhiHuDaily-Bridging-Header.h */,
			);
			path = ZFZhiHuDaily;
			sourceTree = "<group>";
		};
		CC98C8931C3B51DE002FED99 /* ZFZhiHuDailyTests */ = {
			isa = PBXGroup;
			children = (
				CC98C8961C3B51DE002FED99 /* Info.plist */,
				CC98C8941C3B51DE002FED99 /* ZFZhiHuDailyTests.swift */,
			);
			path = ZFZhiHuDailyTests;
			sourceTree = "<group>";
		};
		CC98C89E1C3B51DE002FED99 /* ZFZhiHuDailyUITests */ = {
			isa = PBXGroup;
			children = (
				CC98C8A11C3B51DE002FED99 /* Info.plist */,
				CC98C89F1C3B51DE002FED99 /* ZFZhiHuDailyUITests.swift */,
			);
			path = ZFZhiHuDailyUITests;
			sourceTree = "<group>";
		};
		CC98C8B11C3B53F2002FED99 /* Other */ = {
			isa = PBXGroup;
			children = (
				CC07B1391C3CCD12001D6762 /* Config */,
				CC07B13C1C3CDBAE001D6762 /* Extension */,
				CC07B17C1C3CDBD0001D6762 /* Lib */,
				CC073F101C3CB80D00906779 /* NetWork */,
				CC98C87F1C3B51DE002FED99 /* AppDelegate.swift */,
			);
			path = Other;
			sourceTree = "<group>";
		};
		CC98C8CF1C3B5904002FED99 /* Storyboard */ = {
			isa = PBXGroup;
			children = (
				CC98C8881C3B51DE002FED99 /* LaunchScreen.storyboard */,
				CC98C8D01C3B5945002FED99 /* Left.storyboard */,
				CC98C8831C3B51DE002FED99 /* Main.storyboard */,
			);
			path = Storyboard;
			sourceTree = "<group>";
		};
		CCAD29771C40F39C0096B2A7 /* WBRefresh */ = {
			isa = PBXGroup;
			children = (
				CCAD29781C40F3B40096B2A7 /* CircleRefreshView.h */,
				CCAD29791C40F3B40096B2A7 /* CircleRefreshView.m */,
				CCAD297C1C40F3B40096B2A7 /* DetailFooterView.h */,
				CCAD297D1C40F3B40096B2A7 /* DetailFooterView.m */,
				CCAD297A1C40F3B40096B2A7 /* DetailHeaderView.h */,
				CCAD297B1C40F3B40096B2A7 /* DetailHeaderView.m */,
			);
			path = WBRefresh;
			sourceTree = "<group>";
		};
		CCAD29821C40F4000096B2A7 /* OCExtension */ = {
			isa = PBXGroup;
			children = (
				CCAD29841C40F42B0096B2A7 /* UIView */,
			);
			path = OCExtension;
			sourceTree = "<group>";
		};
		CCAD29841C40F42B0096B2A7 /* UIView */ = {
			isa = PBXGroup;
			children = (
				CCAD29851C40F43D0096B2A7 /* UIView+Extension.h */,
				CCAD29861C40F43D0096B2A7 /* UIView+Extension.m */,
			);
			path = UIView;
			sourceTree = "<group>";
		};
		D5EFD697A5854927E0C46802 /* Pods */ = {
			isa = PBXGroup;
			children = (
				80AB7453B329C82B612DC237 /* Pods.debug.xcconfig */,
				8F56053A65877DA523B28DC3 /* Pods.release.xcconfig */,
			);
			name = Pods;
			sourceTree = "<group>";
		};
/* End PBXGroup section */

/* Begin PBXNativeTarget section */
		CC98C87B1C3B51DE002FED99 /* ZFZhiHuDaily */ = {
			isa = PBXNativeTarget;
			buildConfigurationList = CC98C8A41C3B51DE002FED99 /* Build configuration list for PBXNativeTarget "ZFZhiHuDaily" */;
			buildPhases = (
				41DA6BDC89DD3D39A07C9711 /* Check Pods Manifest.lock */,
				CC98C8781C3B51DE002FED99 /* Sources */,
				CC98C8791C3B51DE002FED99 /* Frameworks */,
				CC98C87A1C3B51DE002FED99 /* Resources */,
				991ACBB48E3725BD7C5CC1F9 /* Embed Pods Frameworks */,
				4C69132E3C3F1289367F31EE /* Copy Pods Resources */,
			);
			buildRules = (
			);
			dependencies = (
			);
			name = ZFZhiHuDaily;
			productName = ZFZhiHuDaily;
			productReference = CC98C87C1C3B51DE002FED99 /* ZFZhiHuDaily.app */;
			productType = "com.apple.product-type.application";
		};
		CC98C88F1C3B51DE002FED99 /* ZFZhiHuDailyTests */ = {
			isa = PBXNativeTarget;
			buildConfigurationList = CC98C8A71C3B51DE002FED99 /* Build configuration list for PBXNativeTarget "ZFZhiHuDailyTests" */;
			buildPhases = (
				CC98C88C1C3B51DE002FED99 /* Sources */,
				CC98C88D1C3B51DE002FED99 /* Frameworks */,
				CC98C88E1C3B51DE002FED99 /* Resources */,
			);
			buildRules = (
			);
			dependencies = (
				CC98C8921C3B51DE002FED99 /* PBXTargetDependency */,
			);
			name = ZFZhiHuDailyTests;
			productName = ZFZhiHuDailyTests;
			productReference = CC98C8901C3B51DE002FED99 /* ZFZhiHuDailyTests.xctest */;
			productType = "com.apple.product-type.bundle.unit-test";
		};
		CC98C89A1C3B51DE002FED99 /* ZFZhiHuDailyUITests */ = {
			isa = PBXNativeTarget;
			buildConfigurationList = CC98C8AA1C3B51DE002FED99 /* Build configuration list for PBXNativeTarget "ZFZhiHuDailyUITests" */;
			buildPhases = (
				CC98C8971C3B51DE002FED99 /* Sources */,
				CC98C8981C3B51DE002FED99 /* Frameworks */,
				CC98C8991C3B51DE002FED99 /* Resources */,
			);
			buildRules = (
			);
			dependencies = (
				CC98C89D1C3B51DE002FED99 /* PBXTargetDependency */,
			);
			name = ZFZhiHuDailyUITests;
			productName = ZFZhiHuDailyUITests;
			productReference = CC98C89B1C3B51DE002FED99 /* ZFZhiHuDailyUITests.xctest */;
			productType = "com.apple.product-type.bundle.ui-testing";
		};
/* End PBXNativeTarget section */

/* Begin PBXProject section */
		CC98C8741C3B51DE002FED99 /* Project object */ = {
			isa = PBXProject;
			attributes = {
				CLASSPREFIX = ZF;
				LastSwiftUpdateCheck = 0720;
				LastUpgradeCheck = 0720;
				ORGANIZATIONNAME = "任子丰";
				TargetAttributes = {
					CC98C87B1C3B51DE002FED99 = {
						CreatedOnToolsVersion = 7.2;
					};
					CC98C88F1C3B51DE002FED99 = {
						CreatedOnToolsVersion = 7.2;
						TestTargetID = CC98C87B1C3B51DE002FED99;
					};
					CC98C89A1C3B51DE002FED99 = {
						CreatedOnToolsVersion = 7.2;
						TestTargetID = CC98C87B1C3B51DE002FED99;
					};
				};
			};
			buildConfigurationList = CC98C8771C3B51DE002FED99 /* Build configuration list for PBXProject "ZFZhiHuDaily" */;
			compatibilityVersion = "Xcode 3.2";
			developmentRegion = English;
			hasScannedForEncodings = 0;
			knownRegions = (
				en,
				Base,
			);
			mainGroup = CC98C8731C3B51DE002FED99;
			productRefGroup = CC98C87D1C3B51DE002FED99 /* Products */;
			projectDirPath = "";
			projectRoot = "";
			targets = (
				CC98C87B1C3B51DE002FED99 /* ZFZhiHuDaily */,
				CC98C88F1C3B51DE002FED99 /* ZFZhiHuDailyTests */,
				CC98C89A1C3B51DE002FED99 /* ZFZhiHuDailyUITests */,
			);
		};
/* End PBXProject section */

/* Begin PBXResourcesBuildPhase section */
		CC98C87A1C3B51DE002FED99 /* Resources */ = {
			isa = PBXResourcesBuildPhase;
			buildActionMask = 2147483647;
			files = (
				CC98C88A1C3B51DE002FED99 /* LaunchScreen.storyboard in Resources */,
				CC98C8D11C3B5945002FED99 /* Left.storyboard in Resources */,
				CC98C8871C3B51DE002FED99 /* Assets.xcassets in Resources */,
				CC07B1791C3CDBCA001D6762 /* AccessoryView.xib in Resources */,
				CC98C8851C3B51DE002FED99 /* Main.storyboard in Resources */,
			);
			runOnlyForDeploymentPostprocessing = 0;
		};
		CC98C88E1C3B51DE002FED99 /* Resources */ = {
			isa = PBXResourcesBuildPhase;
			buildActionMask = 2147483647;
			files = (
			);
			runOnlyForDeploymentPostprocessing = 0;
		};
		CC98C8991C3B51DE002FED99 /* Resources */ = {
			isa = PBXResourcesBuildPhase;
			buildActionMask = 2147483647;
			files = (
			);
			runOnlyForDeploymentPostprocessing = 0;
		};
/* End PBXResourcesBuildPhase section */

/* Begin PBXShellScriptBuildPhase section */
		41DA6BDC89DD3D39A07C9711 /* Check Pods Manifest.lock */ = {
			isa = PBXShellScriptBuildPhase;
			buildActionMask = 2147483647;
			files = (
			);
			inputPaths = (
			);
			name = "Check Pods Manifest.lock";
			outputPaths = (
			);
			runOnlyForDeploymentPostprocessing = 0;
			shellPath = /bin/sh;
			shellScript = "diff \"${PODS_ROOT}/../Podfile.lock\" \"${PODS_ROOT}/Manifest.lock\" > /dev/null\nif [[ $? != 0 ]] ; then\n    cat << EOM\nerror: The sandbox is not in sync with the Podfile.lock. Run 'pod install' or update your CocoaPods installation.\nEOM\n    exit 1\nfi\n";
			showEnvVarsInLog = 0;
		};
		4C69132E3C3F1289367F31EE /* Copy Pods Resources */ = {
			isa = PBXShellScriptBuildPhase;
			buildActionMask = 2147483647;
			files = (
			);
			inputPaths = (
			);
			name = "Copy Pods Resources";
			outputPaths = (
			);
			runOnlyForDeploymentPostprocessing = 0;
			shellPath = /bin/sh;
			shellScript = "\"${SRCROOT}/Pods/Target Support Files/Pods/Pods-resources.sh\"\n";
			showEnvVarsInLog = 0;
		};
		991ACBB48E3725BD7C5CC1F9 /* Embed Pods Frameworks */ = {
			isa = PBXShellScriptBuildPhase;
			buildActionMask = 2147483647;
			files = (
			);
			inputPaths = (
			);
			name = "Embed Pods Frameworks";
			outputPaths = (
			);
			runOnlyForDeploymentPostprocessing = 0;
			shellPath = /bin/sh;
			shellScript = "\"${SRCROOT}/Pods/Target Support Files/Pods/Pods-frameworks.sh\"\n";
			showEnvVarsInLog = 0;
		};
/* End PBXShellScriptBuildPhase section */

/* Begin PBXSourcesBuildPhase section */
		CC98C8781C3B51DE002FED99 /* Sources */ = {
			isa = PBXSourcesBuildPhase;
			buildActionMask = 2147483647;
			files = (
				CC07B1771C3CDBCA001D6762 /* UITableViewCell+Extend.swift in Sources */,
				CC7D52351C565002005FB83E /* ZFStories.swift in Sources */,
				CC07B1C41C3E2CC2001D6762 /* NSURLSession+SynchronousTask.swift in Sources */,
				CC07B1EE1C3F789F001D6762 /* AuxiliaryModels.swift in Sources */,
				CCF49F751C6070DE006A5775 /* ZFTheme.swift in Sources */,
				CC636A1D1C44BDDE00BCB70B /* ZFHomeCell.swift in Sources */,
				CC07B18A1C3CDC15001D6762 /* ImageTextButton.m in Sources */,
				CC07B1381C3CC138001D6762 /* ZFNetworkTool.swift in Sources */,
				CC07B1691C3CDBCA001D6762 /* AnyObject+Extend.swift in Sources */,
				CC7283241C5CE08400BFECBF /* ZFCommentCell.swift in Sources */,
				CC07B1D71C3E621B001D6762 /* NavigationBarExtension.swift in Sources */,
				CCAD297F1C40F3B40096B2A7 /* DetailHeaderView.m in Sources */,
				CC07B1711C3CDBCA001D6762 /* UIViewController.swift in Sources */,
				CC07B16E1C3CDBCA001D6762 /* String+Extend.swift in Sources */,
				CCAD29871C40F43D0096B2A7 /* UIView+Extension.m in Sources */,
				CC07B13B1C3CCDA5001D6762 /* ZFAPIConfig.swift in Sources */,
				CC07B1921C3CDEAD001D6762 /* ZFBaseViewController.swift in Sources */,
				CC073EFB1C3B84E900906779 /* LeftCell.swift in Sources */,
				CC55E0FA1C57055A00C6FD25 /* ZFEditors.swift in Sources */,
				CC07B1A41C3CE478001D6762 /* JSAnimatedImagesView.m in Sources */,
				CC55E0FB1C57055A00C6FD25 /* ZFThemeDetail.swift in Sources */,
				CC7283221C5CE08400BFECBF /* ZFNewsCommentViewController.swift in Sources */,
				CC07B1751C3CDBCA001D6762 /* UIImage+Extend.swift in Sources */,
				CC07B16F1C3CDBCA001D6762 /* AppDelegate+Extend.swift in Sources */,
				CC07B1AC1C3CE6A4001D6762 /* MSWeakTimer.m in Sources */,
				CC07B19F1C3CE322001D6762 /* LaunchViewController.swift in Sources */,
				CC636A191C44BDDE00BCB70B /* ZFMainViewController.swift in Sources */,
				CC72ADAC1C44D8E90035ACA6 /* ZFNewsDetailViewModel.swift in Sources */,
				CC636A1C1C44BDDE00BCB70B /* ParallaxHeaderView.swift in Sources */,
				CC07B16A1C3CDBCA001D6762 /* Array+Extend.swift in Sources */,
				CC55E0FC1C57055A00C6FD25 /* ZFThemeStories.swift in Sources */,
				CC07B1731C3CDBCA001D6762 /* UIColor+Extend.swift in Sources */,
				CC07B1701C3CDBCA001D6762 /* UIWindow+AppDelegate.swift in Sources */,
				CCAD29761C40EEEB0096B2A7 /* MMViewController.swift in Sources */,
				CC72ADB31C44DE7C0035ACA6 /* NumberScrollAnimatedView.swift in Sources */,
				CC07B1ED1C3F789F001D6762 /* CyclePictureCell.swift in Sources */,
				CC07B1961C3CDF31001D6762 /* ZFBaseNavigationController.swift in Sources */,
				CCA6818E1C58BA3800A8D947 /* ZFNewsExtra.swift in Sources */,
				CC636A0B1C43AC4100BCB70B /* ZFThemeListCell.swift in Sources */,
				CC58FD1C1C746C300003C36A /* ZFHeaderRefreshView.swift in Sources */,
				CC07B1681C3CDBCA001D6762 /* CoreGraphics.swift in Sources */,
				CC07B16D1C3CDBCA001D6762 /* Foundation+Extend.swift in Sources */,
				CC72ADA91C44D7720035ACA6 /* ZFNewsDetailViewController.swift in Sources */,
				CC636A1B1C44BDDE00BCB70B /* KYCircularProgress.swift in Sources */,
				CC7283251C5CE08400BFECBF /* ZFNewsCommentViewModel.swift in Sources */,
				CC7D52341C565002005FB83E /* ZFLatestNews.swift in Sources */,
				CC7D52361C565002005FB83E /* ZFTopStories.swift in Sources */,
				CC07B18C1C3CDC15001D6762 /* MMDrawerController.m in Sources */,
				CC72ADB11C44DE600035ACA6 /* ZanButton.swift in Sources */,
				CC07B1EC1C3F789F001D6762 /* CyclePictureView.swift in Sources */,
				CC07B1721C3CDBCA001D6762 /* UIButton+Extend.swift in Sources */,
				CC07B1761C3CDBCA001D6762 /* UIScreen.swift in Sources */,
				CCAD29801C40F3B40096B2A7 /* DetailFooterView.m in Sources */,
				CC07B1781C3CDBCA001D6762 /* AccessoryView.swift in Sources */,
				CC07B17A1C3CDBCA001D6762 /* UITextField+Extend.swift in Sources */,
				CC636A1E1C44BDDE00BCB70B /* ZFMainViewModel.swift in Sources */,
				CC073F0B1C3CA29000906779 /* ZFDrawerViewController.swift in Sources */,
				CC07B18D1C3CDC15001D6762 /* MMDrawerVisualState.m in Sources */,
				CC07B18E1C3CDC15001D6762 /* UIViewController+MMDrawerController.m in Sources */,
				CC07B1E01C3E6DEF001D6762 /* ZFThemeViewModel.swift in Sources */,
				CC7283231C5CE08400BFECBF /* ZFComments.swift in Sources */,
				CC07B1C61C3E2DC1001D6762 /* AppException.swift in Sources */,
				CC636A031C43519700BCB70B /* ZFThemeListViewModel.swift in Sources */,
				CCA6818A1C58AF7300A8D947 /* ZFNewsDetail.swift in Sources */,
				CC07B16B1C3CDBCA001D6762 /* ArraySlice+Extend.swift in Sources */,
				CC07B18B1C3CDC15001D6762 /* MMDrawerBarButtonItem.m in Sources */,
				CC98C8801C3B51DE002FED99 /* AppDelegate.swift in Sources */,
				CC073F0D1C3CA39900906779 /* ZFLeftHomeCell.swift in Sources */,
				CC7D52381C565AC5005FB83E /* ZFBeforeNews.swift in Sources */,
				CC98C8B31C3B53FD002FED99 /* ZFAppConfig.swift in Sources */,
				CC07B16C1C3CDBCA001D6762 /* Dictionary+Extend.swift in Sources */,
				CCAD297E1C40F3B40096B2A7 /* CircleRefreshView.m in Sources */,
				CC636A001C4349D100BCB70B /* ZFThemeViewController.swift in Sources */,
				CC07B1A81C3CE61B001D6762 /* GradientView.m in Sources */,
				CC07B1741C3CDBCA001D6762 /* UIDevice.swift in Sources */,
			);
			runOnlyForDeploymentPostprocessing = 0;
		};
		CC98C88C1C3B51DE002FED99 /* Sources */ = {
			isa = PBXSourcesBuildPhase;
			buildActionMask = 2147483647;
			files = (
				CC98C8951C3B51DE002FED99 /* ZFZhiHuDailyTests.swift in Sources */,
			);
			runOnlyForDeploymentPostprocessing = 0;
		};
		CC98C8971C3B51DE002FED99 /* Sources */ = {
			isa = PBXSourcesBuildPhase;
			buildActionMask = 2147483647;
			files = (
				CC98C8A01C3B51DE002FED99 /* ZFZhiHuDailyUITests.swift in Sources */,
			);
			runOnlyForDeploymentPostprocessing = 0;
		};
/* End PBXSourcesBuildPhase section */

/* Begin PBXTargetDependency section */
		CC98C8921C3B51DE002FED99 /* PBXTargetDependency */ = {
			isa = PBXTargetDependency;
			target = CC98C87B1C3B51DE002FED99 /* ZFZhiHuDaily */;
			targetProxy = CC98C8911C3B51DE002FED99 /* PBXContainerItemProxy */;
		};
		CC98C89D1C3B51DE002FED99 /* PBXTargetDependency */ = {
			isa = PBXTargetDependency;
			target = CC98C87B1C3B51DE002FED99 /* ZFZhiHuDaily */;
			targetProxy = CC98C89C1C3B51DE002FED99 /* PBXContainerItemProxy */;
		};
/* End PBXTargetDependency section */

/* Begin PBXVariantGroup section */
		CC98C8831C3B51DE002FED99 /* Main.storyboard */ = {
			isa = PBXVariantGroup;
			children = (
				CC98C8841C3B51DE002FED99 /* Base */,
			);
			name = Main.storyboard;
			path = .;
			sourceTree = "<group>";
		};
		CC98C8881C3B51DE002FED99 /* LaunchScreen.storyboard */ = {
			isa = PBXVariantGroup;
			children = (
				CC98C8891C3B51DE002FED99 /* Base */,
			);
			name = LaunchScreen.storyboard;
			path = .;
			sourceTree = "<group>";
		};
/* End PBXVariantGroup section */

/* Begin XCBuildConfiguration section */
		CC98C8A21C3B51DE002FED99 /* Debug */ = {
			isa = XCBuildConfiguration;
			buildSettings = {
				ALWAYS_SEARCH_USER_PATHS = NO;
				CLANG_CXX_LANGUAGE_STANDARD = "gnu++0x";
				CLANG_CXX_LIBRARY = "libc++";
				CLANG_ENABLE_MODULES = YES;
				CLANG_ENABLE_OBJC_ARC = YES;
				CLANG_WARN_BOOL_CONVERSION = YES;
				CLANG_WARN_CONSTANT_CONVERSION = YES;
				CLANG_WARN_DIRECT_OBJC_ISA_USAGE = YES_ERROR;
				CLANG_WARN_EMPTY_BODY = YES;
				CLANG_WARN_ENUM_CONVERSION = YES;
				CLANG_WARN_INT_CONVERSION = YES;
				CLANG_WARN_OBJC_ROOT_CLASS = YES_ERROR;
				CLANG_WARN_UNREACHABLE_CODE = YES;
				CLANG_WARN__DUPLICATE_METHOD_MATCH = YES;
				"CODE_SIGN_IDENTITY[sdk=iphoneos*]" = "iPhone Developer";
				COPY_PHASE_STRIP = NO;
				DEBUG_INFORMATION_FORMAT = dwarf;
				ENABLE_STRICT_OBJC_MSGSEND = YES;
				ENABLE_TESTABILITY = YES;
				GCC_C_LANGUAGE_STANDARD = gnu99;
				GCC_DYNAMIC_NO_PIC = NO;
				GCC_NO_COMMON_BLOCKS = YES;
				GCC_OPTIMIZATION_LEVEL = 0;
				GCC_PREPROCESSOR_DEFINITIONS = (
					"DEBUG=1",
					"$(inherited)",
				);
				GCC_WARN_64_TO_32_BIT_CONVERSION = YES;
				GCC_WARN_ABOUT_RETURN_TYPE = YES_ERROR;
				GCC_WARN_UNDECLARED_SELECTOR = YES;
				GCC_WARN_UNINITIALIZED_AUTOS = YES_AGGRESSIVE;
				GCC_WARN_UNUSED_FUNCTION = YES;
				GCC_WARN_UNUSED_VARIABLE = YES;
				IPHONEOS_DEPLOYMENT_TARGET = 8.0;
				MTL_ENABLE_DEBUG_INFO = YES;
				ONLY_ACTIVE_ARCH = YES;
				SDKROOT = iphoneos;
				SWIFT_OPTIMIZATION_LEVEL = "-Onone";
				TARGETED_DEVICE_FAMILY = "1,2";
			};
			name = Debug;
		};
		CC98C8A31C3B51DE002FED99 /* Release */ = {
			isa = XCBuildConfiguration;
			buildSettings = {
				ALWAYS_SEARCH_USER_PATHS = NO;
				CLANG_CXX_LANGUAGE_STANDARD = "gnu++0x";
				CLANG_CXX_LIBRARY = "libc++";
				CLANG_ENABLE_MODULES = YES;
				CLANG_ENABLE_OBJC_ARC = YES;
				CLANG_WARN_BOOL_CONVERSION = YES;
				CLANG_WARN_CONSTANT_CONVERSION = YES;
				CLANG_WARN_DIRECT_OBJC_ISA_USAGE = YES_ERROR;
				CLANG_WARN_EMPTY_BODY = YES;
				CLANG_WARN_ENUM_CONVERSION = YES;
				CLANG_WARN_INT_CONVERSION = YES;
				CLANG_WARN_OBJC_ROOT_CLASS = YES_ERROR;
				CLANG_WARN_UNREACHABLE_CODE = YES;
				CLANG_WARN__DUPLICATE_METHOD_MATCH = YES;
				"CODE_SIGN_IDENTITY[sdk=iphoneos*]" = "iPhone Developer";
				COPY_PHASE_STRIP = NO;
				DEBUG_INFORMATION_FORMAT = "dwarf-with-dsym";
				ENABLE_NS_ASSERTIONS = NO;
				ENABLE_STRICT_OBJC_MSGSEND = YES;
				GCC_C_LANGUAGE_STANDARD = gnu99;
				GCC_NO_COMMON_BLOCKS = YES;
				GCC_WARN_64_TO_32_BIT_CONVERSION = YES;
				GCC_WARN_ABOUT_RETURN_TYPE = YES_ERROR;
				GCC_WARN_UNDECLARED_SELECTOR = YES;
				GCC_WARN_UNINITIALIZED_AUTOS = YES_AGGRESSIVE;
				GCC_WARN_UNUSED_FUNCTION = YES;
				GCC_WARN_UNUSED_VARIABLE = YES;
				IPHONEOS_DEPLOYMENT_TARGET = 8.0;
				MTL_ENABLE_DEBUG_INFO = NO;
				SDKROOT = iphoneos;
				TARGETED_DEVICE_FAMILY = "1,2";
				VALIDATE_PRODUCT = YES;
			};
			name = Release;
		};
		CC98C8A51C3B51DE002FED99 /* Debug */ = {
			isa = XCBuildConfiguration;
			baseConfigurationReference = 80AB7453B329C82B612DC237 /* Pods.debug.xcconfig */;
			buildSettings = {
				ASSETCATALOG_COMPILER_APPICON_NAME = AppIcon;
				CLANG_ENABLE_MODULES = YES;
				INFOPLIST_FILE = ZFZhiHuDaily/Info.plist;
				IPHONEOS_DEPLOYMENT_TARGET = 8.0;
				LD_RUNPATH_SEARCH_PATHS = "$(inherited) @executable_path/Frameworks";
				PRODUCT_BUNDLE_IDENTIFIER = zifeng.ZFZhiHuDaily;
				PRODUCT_NAME = "$(TARGET_NAME)";
				SWIFT_OBJC_BRIDGING_HEADER = "ZFZhiHuDaily/ZFZhiHuDaily-Bridging-Header.h";
				SWIFT_OPTIMIZATION_LEVEL = "-Onone";
			};
			name = Debug;
		};
		CC98C8A61C3B51DE002FED99 /* Release */ = {
			isa = XCBuildConfiguration;
			baseConfigurationReference = 8F56053A65877DA523B28DC3 /* Pods.release.xcconfig */;
			buildSettings = {
				ASSETCATALOG_COMPILER_APPICON_NAME = AppIcon;
				CLANG_ENABLE_MODULES = YES;
				INFOPLIST_FILE = ZFZhiHuDaily/Info.plist;
				IPHONEOS_DEPLOYMENT_TARGET = 8.0;
				LD_RUNPATH_SEARCH_PATHS = "$(inherited) @executable_path/Frameworks";
				PRODUCT_BUNDLE_IDENTIFIER = zifeng.ZFZhiHuDaily;
				PRODUCT_NAME = "$(TARGET_NAME)";
				SWIFT_OBJC_BRIDGING_HEADER = "ZFZhiHuDaily/ZFZhiHuDaily-Bridging-Header.h";
			};
			name = Release;
		};
		CC98C8A81C3B51DE002FED99 /* Debug */ = {
			isa = XCBuildConfiguration;
			buildSettings = {
				BUNDLE_LOADER = "$(TEST_HOST)";
				INFOPLIST_FILE = ZFZhiHuDailyTests/Info.plist;
				LD_RUNPATH_SEARCH_PATHS = "$(inherited) @executable_path/Frameworks @loader_path/Frameworks";
				PRODUCT_BUNDLE_IDENTIFIER = zifeng.ZFZhiHuDailyTests;
				PRODUCT_NAME = "$(TARGET_NAME)";
				TEST_HOST = "$(BUILT_PRODUCTS_DIR)/ZFZhiHuDaily.app/ZFZhiHuDaily";
			};
			name = Debug;
		};
		CC98C8A91C3B51DE002FED99 /* Release */ = {
			isa = XCBuildConfiguration;
			buildSettings = {
				BUNDLE_LOADER = "$(TEST_HOST)";
				INFOPLIST_FILE = ZFZhiHuDailyTests/Info.plist;
				LD_RUNPATH_SEARCH_PATHS = "$(inherited) @executable_path/Frameworks @loader_path/Frameworks";
				PRODUCT_BUNDLE_IDENTIFIER = zifeng.ZFZhiHuDailyTests;
				PRODUCT_NAME = "$(TARGET_NAME)";
				TEST_HOST = "$(BUILT_PRODUCTS_DIR)/ZFZhiHuDaily.app/ZFZhiHuDaily";
			};
			name = Release;
		};
		CC98C8AB1C3B51DE002FED99 /* Debug */ = {
			isa = XCBuildConfiguration;
			buildSettings = {
				INFOPLIST_FILE = ZFZhiHuDailyUITests/Info.plist;
				IPHONEOS_DEPLOYMENT_TARGET = 8.0;
				LD_RUNPATH_SEARCH_PATHS = "$(inherited) @executable_path/Frameworks @loader_path/Frameworks";
				PRODUCT_BUNDLE_IDENTIFIER = zifeng.ZFZhiHuDailyUITests;
				PRODUCT_NAME = "$(TARGET_NAME)";
				TEST_TARGET_NAME = ZFZhiHuDaily;
				USES_XCTRUNNER = YES;
			};
			name = Debug;
		};
		CC98C8AC1C3B51DE002FED99 /* Release */ = {
			isa = XCBuildConfiguration;
			buildSettings = {
				INFOPLIST_FILE = ZFZhiHuDailyUITests/Info.plist;
				IPHONEOS_DEPLOYMENT_TARGET = 8.0;
				LD_RUNPATH_SEARCH_PATHS = "$(inherited) @executable_path/Frameworks @loader_path/Frameworks";
				PRODUCT_BUNDLE_IDENTIFIER = zifeng.ZFZhiHuDailyUITests;
				PRODUCT_NAME = "$(TARGET_NAME)";
				TEST_TARGET_NAME = ZFZhiHuDaily;
				USES_XCTRUNNER = YES;
			};
			name = Release;
		};
/* End XCBuildConfiguration section */

/* Begin XCConfigurationList section */
		CC98C8771C3B51DE002FED99 /* Build configuration list for PBXProject "ZFZhiHuDaily" */ = {
			isa = XCConfigurationList;
			buildConfigurations = (
				CC98C8A21C3B51DE002FED99 /* Debug */,
				CC98C8A31C3B51DE002FED99 /* Release */,
			);
			defaultConfigurationIsVisible = 0;
			defaultConfigurationName = Release;
		};
		CC98C8A41C3B51DE002FED99 /* Build configuration list for PBXNativeTarget "ZFZhiHuDaily" */ = {
			isa = XCConfigurationList;
			buildConfigurations = (
				CC98C8A51C3B51DE002FED99 /* Debug */,
				CC98C8A61C3B51DE002FED99 /* Release */,
			);
			defaultConfigurationIsVisible = 0;
			defaultConfigurationName = Release;
		};
		CC98C8A71C3B51DE002FED99 /* Build configuration list for PBXNativeTarget "ZFZhiHuDailyTests" */ = {
			isa = XCConfigurationList;
			buildConfigurations = (
				CC98C8A81C3B51DE002FED99 /* Debug */,
				CC98C8A91C3B51DE002FED99 /* Release */,
			);
			defaultConfigurationIsVisible = 0;
			defaultConfigurationName = Release;
		};
		CC98C8AA1C3B51DE002FED99 /* Build configuration list for PBXNativeTarget "ZFZhiHuDailyUITests" */ = {
			isa = XCConfigurationList;
			buildConfigurations = (
				CC98C8AB1C3B51DE002FED99 /* Debug */,
				CC98C8AC1C3B51DE002FED99 /* Release */,
			);
			defaultConfigurationIsVisible = 0;
			defaultConfigurationName = Release;
		};
/* End XCConfigurationList section */
	};
	rootObject = CC98C8741C3B51DE002FED99 /* Project object */;
}
